// !$*UTF8*$!
{
	archiveVersion = 1;
	classes = {
	};
	objectVersion = 46;
	objects = {

/* Begin PBXBuildFile section */
		F28F8B221D6EEC1B00966D5F /* AppDelegate.swift in Sources */ = {isa = PBXBuildFile; fileRef = F28F8B211D6EEC1B00966D5F /* AppDelegate.swift */; };
		F28F8B271D6EEC1B00966D5F /* Main.storyboard in Resources */ = {isa = PBXBuildFile; fileRef = F28F8B251D6EEC1B00966D5F /* Main.storyboard */; };
		F28F8B291D6EEC1B00966D5F /* Assets.xcassets in Resources */ = {isa = PBXBuildFile; fileRef = F28F8B281D6EEC1B00966D5F /* Assets.xcassets */; };
		F28F8B2C1D6EEC1B00966D5F /* LaunchScreen.storyboard in Resources */ = {isa = PBXBuildFile; fileRef = F28F8B2A1D6EEC1B00966D5F /* LaunchScreen.storyboard */; };
		F28F8B371D6EED9C00966D5F /* TableViewController.swift in Sources */ = {isa = PBXBuildFile; fileRef = F28F8B361D6EED9C00966D5F /* TableViewController.swift */; };
		F28F8B391D6EEFE300966D5F /* TableViewCell.swift in Sources */ = {isa = PBXBuildFile; fileRef = F28F8B381D6EEFE300966D5F /* TableViewCell.swift */; };
/* End PBXBuildFile section */

/* Begin PBXFileReference section */
		F28F8B1E1D6EEC1B00966D5F /* TableViewMergeCollectionView.app */ = {isa = PBXFileReference; explicitFileType = wrapper.application; includeInIndex = 0; path = TableViewMergeCollectionView.app; sourceTree = BUILT_PRODUCTS_DIR; };
		F28F8B211D6EEC1B00966D5F /* AppDelegate.swift */ = {isa = PBXFileReference; lastKnownFileType = sourcecode.swift; path = AppDelegate.swift; sourceTree = "<group>"; };
		F28F8B261D6EEC1B00966D5F /* Base */ = {isa = PBXFileReference; lastKnownFileType = file.storyboard; name = Base; path = Base.lproj/Main.storyboard; sourceTree = "<group>"; };
		F28F8B281D6EEC1B00966D5F /* Assets.xcassets */ = {isa = PBXFileReference; lastKnownFileType = folder.assetcatalog; path = Assets.xcassets; sourceTree = "<group>"; };
		F28F8B2B1D6EEC1B00966D5F /* Base */ = {isa = PBXFileReference; lastKnownFileType = file.storyboard; name = Base; path = Base.lproj/LaunchScreen.storyboard; sourceTree = "<group>"; };
		F28F8B2D1D6EEC1B00966D5F /* Info.plist */ = {isa = PBXFileReference; lastKnownFileType = text.plist.xml; path = Info.plist; sourceTree = "<group>"; };
		F28F8B361D6EED9C00966D5F /* TableViewController.swift */ = {isa = PBXFileReference; fileEncoding = 4; lastKnownFileType = sourcecode.swift; name = TableViewController.swift; path = TableViewMergeCollectionView/TableViewController.swift; sourceTree = "<group>"; };
		F28F8B381D6EEFE300966D5F /* TableViewCell.swift */ = {isa = PBXFileReference; fileEncoding = 4; lastKnownFileType = sourcecode.swift; name = TableViewCell.swift; path = TableViewMergeCollectionView/TableViewCell.swift; sourceTree = "<group>"; };
/* End PBXFileReference section */

/* Begin PBXFrameworksBuildPhase section */
		F28F8B1B1D6EEC1B00966D5F /* Frameworks */ = {
			isa = PBXFrameworksBuildPhase;
			buildActionMask = 2147483647;
			files = (
			);
			runOnlyForDeploymentPostprocessing = 0;
		};
/* End PBXFrameworksBuildPhase section */

/* Begin PBXGroup section */
		F28F8B151D6EEC1B00966D5F = {
			isa = PBXGroup;
			children = (
				F28F8B201D6EEC1B00966D5F /* TableViewMergeCollectionView */,
				F28F8B251D6EEC1B00966D5F /* Main.storyboard */,
				F28F8B361D6EED9C00966D5F /* TableViewController.swift */,
				F28F8B381D6EEFE300966D5F /* TableViewCell.swift */,
				F28F8B1F1D6EEC1B00966D5F /* Products */,
			);
			sourceTree = "<group>";
		};
		F28F8B1F1D6EEC1B00966D5F /* Products */ = {
			isa = PBXGroup;
			children = (
				F28F8B1E1D6EEC1B00966D5F /* TableViewMergeCollectionView.app */,
			);
			name = Products;
			sourceTree = "<group>";
		};
		F28F8B201D6EEC1B00966D5F /* TableViewMergeCollectionView */ = {
			isa = PBXGroup;
			children = (
				F28F8B351D6EED5300966D5F /* Support File */,
			);
			path = TableViewMergeCollectionView;
			sourceTree = "<group>";
		};
		F28F8B351D6EED5300966D5F /* Support File */ = {
			isa = PBXGroup;
			children = (
				F28F8B211D6EEC1B00966D5F /* AppDelegate.swift */,
				F28F8B281D6EEC1B00966D5F /* Assets.xcassets */,
				F28F8B2A1D6EEC1B00966D5F /* LaunchScreen.storyboard */,
				F28F8B2D1D6EEC1B00966D5F /* Info.plist */,
			);
			name = "Support File";
			sourceTree = "<group>";
		};
/* End PBXGroup section */

/* Begin PBXNativeTarget section */
		F28F8B1D1D6EEC1B00966D5F /* TableViewMergeCollectionView */ = {
			isa = PBXNativeTarget;
			buildConfigurationList = F28F8B301D6EEC1B00966D5F /* Build configuration list for PBXNativeTarget "TableViewMergeCollectionView" */;
			buildPhases = (
				F28F8B1A1D6EEC1B00966D5F /* Sources */,
				F28F8B1B1D6EEC1B00966D5F /* Frameworks */,
				F28F8B1C1D6EEC1B00966D5F /* Resources */,
			);
			buildRules = (
			);
			dependencies = (
			);
			name = TableViewMergeCollectionView;
			productName = TableViewMergeCollectionView;
			productReference = F28F8B1E1D6EEC1B00966D5F /* TableViewMergeCollectionView.app */;
			productType = "com.apple.product-type.application";
		};
/* End PBXNativeTarget section */

/* Begin PBXProject section */
		F28F8B161D6EEC1B00966D5F /* Project object */ = {
			isa = PBXProject;
			attributes = {
				LastSwiftUpdateCheck = 0730;
				LastUpgradeCheck = 0730;
				ORGANIZATIONNAME = Rocoo;
				TargetAttributes = {
					F28F8B1D1D6EEC1B00966D5F = {
						CreatedOnToolsVersion = 7.3;
					};
				};
			};
			buildConfigurationList = F28F8B191D6EEC1B00966D5F /* Build configuration list for PBXProject "TableViewMergeCollectionView" */;
			compatibilityVersion = "Xcode 3.2";
			developmentRegion = English;
			hasScannedForEncodings = 0;
			knownRegions = (
				en,
				Base,
			);
			mainGroup = F28F8B151D6EEC1B00966D5F;
			productRefGroup = F28F8B1F1D6EEC1B00966D5F /* Products */;
			projectDirPath = "";
			projectRoot = "";
			targets = (
				F28F8B1D1D6EEC1B00966D5F /* TableViewMergeCollectionView */,
			);
		};
/* End PBXProject section */

/* Begin PBXResourcesBuildPhase section */
		F28F8B1C1D6EEC1B00966D5F /* Resources */ = {
			isa = PBXResourcesBuildPhase;
			buildActionMask = 2147483647;
			files = (
				F28F8B2C1D6EEC1B00966D5F /* LaunchScreen.storyboard in Resources */,
				F28F8B291D6EEC1B00966D5F /* Assets.xcassets in Resources */,
				F28F8B271D6EEC1B00966D5F /* Main.storyboard in Resources */,
			);
			runOnlyForDeploymentPostprocessing = 0;
		};
/* End PBXResourcesBuildPhase section */

/* Begin PBXSourcesBuildPhase section */
		F28F8B1A1D6EEC1B00966D5F /* Sources */ = {
			isa = PBXSourcesBuildPhase;
			buildActionMask = 2147483647;
			files = (
				F28F8B391D6EEFE300966D5F /* TableViewCell.swift in Sources */,
				F28F8B221D6EEC1B00966D5F /* AppDelegate.swift in Sources */,
				F28F8B371D6EED9C00966D5F /* TableViewController.swift in Sources */,
			);
			runOnlyForDeploymentPostprocessing = 0;
		};
/* End PBXSourcesBuildPhase section */

/* Begin PBXVariantGroup section */
		F28F8B251D6EEC1B00966D5F /* Main.storyboard */ = {
			isa = PBXVariantGroup;
			children = (
				F28F8B261D6EEC1B00966D5F /* Base */,
			);
			name = Main.storyboard;
			path = TableViewMergeCollectionView;
			sourceTree = "<group>";
		};
		F28F8B2A1D6EEC1B00966D5F /* LaunchScreen.storyboard */ = {
			isa = PBXVariantGroup;
			children = (
				F28F8B2B1D6EEC1B00966D5F /* Base */,
			);
			name = LaunchScreen.storyboard;
			sourceTree = "<group>";
		};
/* End PBXVariantGroup section */

/* Begin XCBuildConfiguration section */
		F28F8B2E1D6EEC1B00966D5F /* Debug */ = {
			isa = XCBuildConfiguration;
			buildSettings = {
				ALWAYS_SEARCH_USER_PATHS = NO;
				CLANG_ANALYZER_NONNULL = YES;
				CLANG_CXX_LANGUAGE_STANDARD = "gnu++0x";
				CLANG_CXX_LIBRARY = "libc++";
				CLANG_ENABLE_MODULES = YES;
				CLANG_ENABLE_OBJC_ARC = YES;
				CLANG_WARN_BOOL_CONVERSION = YES;
				CLANG_WARN_CONSTANT_CONVERSION = YES;
				CLANG_WARN_DIRECT_OBJC_ISA_USAGE = YES_ERROR;
				CLANG_WARN_EMPTY_BODY = YES;
				CLANG_WARN_ENUM_CONVERSION = YES;
				CLANG_WARN_INT_CONVERSION = YES;
				CLANG_WARN_OBJC_ROOT_CLASS = YES_ERROR;
				CLANG_WARN_UNREACHABLE_CODE = YES;
				CLANG_WARN__DUPLICATE_METHOD_MATCH = YES;
				"CODE_SIGN_IDENTITY[sdk=iphoneos*]" = "iPhone Developer";
				COPY_PHASE_STRIP = NO;
				DEBUG_INFORMATION_FORMAT = dwarf;
				ENABLE_STRICT_OBJC_MSGSEND = YES;
				ENABLE_TESTABILITY = YES;
				GCC_C_LANGUAGE_STANDARD = gnu99;
				GCC_DYNAMIC_NO_PIC = NO;
				GCC_NO_COMMON_BLOCKS = YES;
				GCC_OPTIMIZATION_LEVEL = 0;
				GCC_PREPROCESSOR_DEFINITIONS = (
					"DEBUG=1",
					"$(inherited)",
				);
				GCC_WARN_64_TO_32_BIT_CONVERSION = YES;
				GCC_WARN_ABOUT_RETURN_TYPE = YES_ERROR;
				GCC_WARN_UNDECLARED_SELECTOR = YES;
				GCC_WARN_UNINITIALIZED_AUTOS = YES_AGGRESSIVE;
				GCC_WARN_UNUSED_FUNCTION = YES;
				GCC_WARN_UNUSED_VARIABLE = YES;
				IPHONEOS_DEPLOYMENT_TARGET = 9.3;
				MTL_ENABLE_DEBUG_INFO = YES;
				ONLY_ACTIVE_ARCH = YES;
				SDKROOT = iphoneos;
				SWIFT_OPTIMIZATION_LEVEL = "-Onone";
				TARGETED_DEVICE_FAMILY = "1,2";
			};
			name = Debug;
		};
		F28F8B2F1D6EEC1B00966D5F /* Release */ = {
			isa = XCBuildConfiguration;
			buildSettings = {
				ALWAYS_SEARCH_USER_PATHS = NO;
				CLANG_ANALYZER_NONNULL = YES;
				CLANG_CXX_LANGUAGE_STANDARD = "gnu++0x";
				CLANG_CXX_LIBRARY = "libc++";
				CLANG_ENABLE_MODULES = YES;
				CLANG_ENABLE_OBJC_ARC = YES;
				CLANG_WARN_BOOL_CONVERSION = YES;
				CLANG_WARN_CONSTANT_CONVERSION = YES;
				CLANG_WARN_DIRECT_OBJC_ISA_USAGE = YES_ERROR;
				CLANG_WARN_EMPTY_BODY = YES;
				CLANG_WARN_ENUM_CONVERSION = YES;
				CLANG_WARN_INT_CONVERSION = YES;
				CLANG_WARN_OBJC_ROOT_CLASS = YES_ERROR;
				CLANG_WARN_UNREACHABLE_CODE = YES;
				CLANG_WARN__DUPLICATE_METHOD_MATCH = YES;
				"CODE_SIGN_IDENTITY[sdk=iphoneos*]" = "iPhone Developer";
				COPY_PHASE_STRIP = NO;
				DEBUG_INFORMATION_FORMAT = "dwarf-with-dsym";
				ENABLE_NS_ASSERTIONS = NO;
				ENABLE_STRICT_OBJC_MSGSEND = YES;
				GCC_C_LANGUAGE_STANDARD = gnu99;
				GCC_NO_COMMON_BLOCKS = YES;
				GCC_WARN_64_TO_32_BIT_CONVERSION = YES;
				GCC_WARN_ABOUT_RETURN_TYPE = YES_ERROR;
				GCC_WARN_UNDECLARED_SELECTOR = YES;
				GCC_WARN_UNINITIALIZED_AUTOS = YES_AGGRESSIVE;
				GCC_WARN_UNUSED_FUNCTION = YES;
				GCC_WARN_UNUSED_VARIABLE = YES;
				IPHONEOS_DEPLOYMENT_TARGET = 9.3;
				MTL_ENABLE_DEBUG_INFO = NO;
				SDKROOT = iphoneos;
				TARGETED_DEVICE_FAMILY = "1,2";
				VALIDATE_PRODUCT = YES;
			};
			name = Release;
		};
		F28F8B311D6EEC1B00966D5F /* Debug */ = {
			isa = XCBuildConfiguration;
			buildSettings = {
				ASSETCATALOG_COMPILER_APPICON_NAME = AppIcon;
				INFOPLIST_FILE = TableViewMergeCollectionView/Info.plist;
				LD_RUNPATH_SEARCH_PATHS = "$(inherited) @executable_path/Frameworks";
				PRODUCT_BUNDLE_IDENTIFIER = com.rocoo.TableViewMergeCollectionView;
				PRODUCT_NAME = "$(TARGET_NAME)";
			};
			name = Debug;
		};
		F28F8B321D6EEC1B00966D5F /* Release */ = {
			isa = XCBuildConfiguration;
			buildSettings = {
				ASSETCATALOG_COMPILER_APPICON_NAME = AppIcon;
				INFOPLIST_FILE = TableViewMergeCollectionView/Info.plist;
				LD_RUNPATH_SEARCH_PATHS = "$(inherited) @executable_path/Frameworks";
				PRODUCT_BUNDLE_IDENTIFIER = com.rocoo.TableViewMergeCollectionView;
				PRODUCT_NAME = "$(TARGET_NAME)";
			};
			name = Release;
		};
/* End XCBuildConfiguration section */

/* Begin XCConfigurationList section */
		F28F8B191D6EEC1B00966D5F /* Build configuration list for PBXProject "TableViewMergeCollectionView" */ = {
			isa = XCConfigurationList;
			buildConfigurations = (
				F28F8B2E1D6EEC1B00966D5F /* Debug */,
				F28F8B2F1D6EEC1B00966D5F /* Release */,
			);
			defaultConfigurationIsVisible = 0;
			defaultConfigurationName = Release;
		};
		F28F8B301D6EEC1B00966D5F /* Build configuration list for PBXNativeTarget "TableViewMergeCollectionView" */ = {
			isa = XCConfigurationList;
			buildConfigurations = (
				F28F8B311D6EEC1B00966D5F /* Debug */,
				F28F8B321D6EEC1B00966D5F /* Release */,
			);
			defaultConfigurationIsVisible = 0;
		};
/* End XCConfigurationList section */
	};
	rootObject = F28F8B161D6EEC1B00966D5F /* Project object */;
}
