// !$*UTF8*$!
{
	archiveVersion = 1;
	classes = {
	};
	objectVersion = 46;
	objects = {

/* Begin PBXBuildFile section */
		F21026B61CE2B6AE0014291A /* AppDelegate.swift in Sources */ = {isa = PBXBuildFile; fileRef = F21026B51CE2B6AE0014291A /* AppDelegate.swift */; };
		F21026B81CE2B6AE0014291A /* ViewController.swift in Sources */ = {isa = PBXBuildFile; fileRef = F21026B71CE2B6AE0014291A /* ViewController.swift */; };
		F21026BB1CE2B6AE0014291A /* Main.storyboard in Resources */ = {isa = PBXBuildFile; fileRef = F21026B91CE2B6AE0014291A /* Main.storyboard */; };
		F21026BD1CE2B6AE0014291A /* Assets.xcassets in Resources */ = {isa = PBXBuildFile; fileRef = F21026BC1CE2B6AE0014291A /* Assets.xcassets */; };
/* End PBXBuildFile section */

/* Begin PBXFileReference section */
		F21026B21CE2B6AE0014291A /* AutoLayoutAndSizeClass.app */ = {isa = PBXFileReference; explicitFileType = wrapper.application; includeInIndex = 0; path = AutoLayoutAndSizeClass.app; sourceTree = BUILT_PRODUCTS_DIR; };
		F21026B51CE2B6AE0014291A /* AppDelegate.swift */ = {isa = PBXFileReference; lastKnownFileType = sourcecode.swift; path = AppDelegate.swift; sourceTree = "<group>"; };
		F21026B71CE2B6AE0014291A /* ViewController.swift */ = {isa = PBXFileReference; lastKnownFileType = sourcecode.swift; path = ViewController.swift; sourceTree = "<group>"; };
		F21026BA1CE2B6AE0014291A /* Base */ = {isa = PBXFileReference; lastKnownFileType = file.storyboard; name = Base; path = Base.lproj/Main.storyboard; sourceTree = "<group>"; };
		F21026BC1CE2B6AE0014291A /* Assets.xcassets */ = {isa = PBXFileReference; lastKnownFileType = folder.assetcatalog; path = Assets.xcassets; sourceTree = "<group>"; };
		F21026C11CE2B6AE0014291A /* Info.plist */ = {isa = PBXFileReference; lastKnownFileType = text.plist.xml; path = Info.plist; sourceTree = "<group>"; };
/* End PBXFileReference section */

/* Begin PBXFrameworksBuildPhase section */
		F21026AF1CE2B6AE0014291A /* Frameworks */ = {
			isa = PBXFrameworksBuildPhase;
			buildActionMask = 2147483647;
			files = (
			);
			runOnlyForDeploymentPostprocessing = 0;
		};
/* End PBXFrameworksBuildPhase section */

/* Begin PBXGroup section */
		F21026A91CE2B6AE0014291A = {
			isa = PBXGroup;
			children = (
				F21026B41CE2B6AE0014291A /* AutoLayoutAndSizeClass */,
				F21026B31CE2B6AE0014291A /* Products */,
			);
			sourceTree = "<group>";
		};
		F21026B31CE2B6AE0014291A /* Products */ = {
			isa = PBXGroup;
			children = (
				F21026B21CE2B6AE0014291A /* AutoLayoutAndSizeClass.app */,
			);
			name = Products;
			sourceTree = "<group>";
		};
		F21026B41CE2B6AE0014291A /* AutoLayoutAndSizeClass */ = {
			isa = PBXGroup;
			children = (
				F21026B51CE2B6AE0014291A /* AppDelegate.swift */,
				F21026B71CE2B6AE0014291A /* ViewController.swift */,
				F21026B91CE2B6AE0014291A /* Main.storyboard */,
				F21026BC1CE2B6AE0014291A /* Assets.xcassets */,
				F21026C11CE2B6AE0014291A /* Info.plist */,
			);
			path = AutoLayoutAndSizeClass;
			sourceTree = "<group>";
		};
/* End PBXGroup section */

/* Begin PBXNativeTarget section */
		F21026B11CE2B6AE0014291A /* AutoLayoutAndSizeClass */ = {
			isa = PBXNativeTarget;
			buildConfigurationList = F21026C41CE2B6AE0014291A /* Build configuration list for PBXNativeTarget "AutoLayoutAndSizeClass" */;
			buildPhases = (
				F21026AE1CE2B6AE0014291A /* Sources */,
				F21026AF1CE2B6AE0014291A /* Frameworks */,
				F21026B01CE2B6AE0014291A /* Resources */,
			);
			buildRules = (
			);
			dependencies = (
			);
			name = AutoLayoutAndSizeClass;
			productName = AutoLayoutAndSizeClass;
			productReference = F21026B21CE2B6AE0014291A /* AutoLayoutAndSizeClass.app */;
			productType = "com.apple.product-type.application";
		};
/* End PBXNativeTarget section */

/* Begin PBXProject section */
		F21026AA1CE2B6AE0014291A /* Project object */ = {
			isa = PBXProject;
			attributes = {
				LastSwiftUpdateCheck = 0730;
				LastUpgradeCheck = 0730;
				ORGANIZATIONNAME = Rocoo;
				TargetAttributes = {
					F21026B11CE2B6AE0014291A = {
						CreatedOnToolsVersion = 7.3;
					};
				};
			};
			buildConfigurationList = F21026AD1CE2B6AE0014291A /* Build configuration list for PBXProject "AutoLayoutAndSizeClass" */;
			compatibilityVersion = "Xcode 3.2";
			developmentRegion = English;
			hasScannedForEncodings = 0;
			knownRegions = (
				en,
				Base,
			);
			mainGroup = F21026A91CE2B6AE0014291A;
			productRefGroup = F21026B31CE2B6AE0014291A /* Products */;
			projectDirPath = "";
			projectRoot = "";
			targets = (
				F21026B11CE2B6AE0014291A /* AutoLayoutAndSizeClass */,
			);
		};
/* End PBXProject section */

/* Begin PBXResourcesBuildPhase section */
		F21026B01CE2B6AE0014291A /* Resources */ = {
			isa = PBXResourcesBuildPhase;
			buildActionMask = 2147483647;
			files = (
				F21026BD1CE2B6AE0014291A /* Assets.xcassets in Resources */,
				F21026BB1CE2B6AE0014291A /* Main.storyboard in Resources */,
			);
			runOnlyForDeploymentPostprocessing = 0;
		};
/* End PBXResourcesBuildPhase section */

/* Begin PBXSourcesBuildPhase section */
		F21026AE1CE2B6AE0014291A /* Sources */ = {
			isa = PBXSourcesBuildPhase;
			buildActionMask = 2147483647;
			files = (
				F21026B81CE2B6AE0014291A /* ViewController.swift in Sources */,
				F21026B61CE2B6AE0014291A /* AppDelegate.swift in Sources */,
			);
			runOnlyForDeploymentPostprocessing = 0;
		};
/* End PBXSourcesBuildPhase section */

/* Begin PBXVariantGroup section */
		F21026B91CE2B6AE0014291A /* Main.storyboard */ = {
			isa = PBXVariantGroup;
			children = (
				F21026BA1CE2B6AE0014291A /* Base */,
			);
			name = Main.storyboard;
			sourceTree = "<group>";
		};
/* End PBXVariantGroup section */

/* Begin XCBuildConfiguration section */
		F21026C21CE2B6AE0014291A /* Debug */ = {
			isa = XCBuildConfiguration;
			buildSettings = {
				ALWAYS_SEARCH_USER_PATHS = NO;
				CLANG_ANALYZER_NONNULL = YES;
				CLANG_CXX_LANGUAGE_STANDARD = "gnu++0x";
				CLANG_CXX_LIBRARY = "libc++";
				CLANG_ENABLE_MODULES = YES;
				CLANG_ENABLE_OBJC_ARC = YES;
				CLANG_WARN_BOOL_CONVERSION = YES;
				CLANG_WARN_CONSTANT_CONVERSION = YES;
				CLANG_WARN_DIRECT_OBJC_ISA_USAGE = YES_ERROR;
				CLANG_WARN_EMPTY_BODY = YES;
				CLANG_WARN_ENUM_CONVERSION = YES;
				CLANG_WARN_INT_CONVERSION = YES;
				CLANG_WARN_OBJC_ROOT_CLASS = YES_ERROR;
				CLANG_WARN_UNREACHABLE_CODE = YES;
				CLANG_WARN__DUPLICATE_METHOD_MATCH = YES;
				"CODE_SIGN_IDENTITY[sdk=iphoneos*]" = "iPhone Developer";
				COPY_PHASE_STRIP = NO;
				DEBUG_INFORMATION_FORMAT = dwarf;
				ENABLE_STRICT_OBJC_MSGSEND = YES;
				ENABLE_TESTABILITY = YES;
				GCC_C_LANGUAGE_STANDARD = gnu99;
				GCC_DYNAMIC_NO_PIC = NO;
				GCC_NO_COMMON_BLOCKS = YES;
				GCC_OPTIMIZATION_LEVEL = 0;
				GCC_PREPROCESSOR_DEFINITIONS = (
					"DEBUG=1",
					"$(inherited)",
				);
				GCC_WARN_64_TO_32_BIT_CONVERSION = YES;
				GCC_WARN_ABOUT_RETURN_TYPE = YES_ERROR;
				GCC_WARN_UNDECLARED_SELECTOR = YES;
				GCC_WARN_UNINITIALIZED_AUTOS = YES_AGGRESSIVE;
				GCC_WARN_UNUSED_FUNCTION = YES;
				GCC_WARN_UNUSED_VARIABLE = YES;
				IPHONEOS_DEPLOYMENT_TARGET = 9.3;
				MTL_ENABLE_DEBUG_INFO = YES;
				ONLY_ACTIVE_ARCH = YES;
				SDKROOT = iphoneos;
				SWIFT_OPTIMIZATION_LEVEL = "-Onone";
			};
			name = Debug;
		};
		F21026C31CE2B6AE0014291A /* Release */ = {
			isa = XCBuildConfiguration;
			buildSettings = {
				ALWAYS_SEARCH_USER_PATHS = NO;
				CLANG_ANALYZER_NONNULL = YES;
				CLANG_CXX_LANGUAGE_STANDARD = "gnu++0x";
				CLANG_CXX_LIBRARY = "libc++";
				CLANG_ENABLE_MODULES = YES;
				CLANG_ENABLE_OBJC_ARC = YES;
				CLANG_WARN_BOOL_CONVERSION = YES;
				CLANG_WARN_CONSTANT_CONVERSION = YES;
				CLANG_WARN_DIRECT_OBJC_ISA_USAGE = YES_ERROR;
				CLANG_WARN_EMPTY_BODY = YES;
				CLANG_WARN_ENUM_CONVERSION = YES;
				CLANG_WARN_INT_CONVERSION = YES;
				CLANG_WARN_OBJC_ROOT_CLASS = YES_ERROR;
				CLANG_WARN_UNREACHABLE_CODE = YES;
				CLANG_WARN__DUPLICATE_METHOD_MATCH = YES;
				"CODE_SIGN_IDENTITY[sdk=iphoneos*]" = "iPhone Developer";
				COPY_PHASE_STRIP = NO;
				DEBUG_INFORMATION_FORMAT = "dwarf-with-dsym";
				ENABLE_NS_ASSERTIONS = NO;
				ENABLE_STRICT_OBJC_MSGSEND = YES;
				GCC_C_LANGUAGE_STANDARD = gnu99;
				GCC_NO_COMMON_BLOCKS = YES;
				GCC_WARN_64_TO_32_BIT_CONVERSION = YES;
				GCC_WARN_ABOUT_RETURN_TYPE = YES_ERROR;
				GCC_WARN_UNDECLARED_SELECTOR = YES;
				GCC_WARN_UNINITIALIZED_AUTOS = YES_AGGRESSIVE;
				GCC_WARN_UNUSED_FUNCTION = YES;
				GCC_WARN_UNUSED_VARIABLE = YES;
				IPHONEOS_DEPLOYMENT_TARGET = 9.3;
				MTL_ENABLE_DEBUG_INFO = NO;
				SDKROOT = iphoneos;
				VALIDATE_PRODUCT = YES;
			};
			name = Release;
		};
		F21026C51CE2B6AE0014291A /* Debug */ = {
			isa = XCBuildConfiguration;
			buildSettings = {
				ASSETCATALOG_COMPILER_APPICON_NAME = AppIcon;
				INFOPLIST_FILE = AutoLayoutAndSizeClass/Info.plist;
				LD_RUNPATH_SEARCH_PATHS = "$(inherited) @executable_path/Frameworks";
				PRODUCT_BUNDLE_IDENTIFIER = com.rocoo.AutoLayoutAndSizeClass;
				PRODUCT_NAME = "$(TARGET_NAME)";
				TARGETED_DEVICE_FAMILY = "1,2";
			};
			name = Debug;
		};
		F21026C61CE2B6AE0014291A /* Release */ = {
			isa = XCBuildConfiguration;
			buildSettings = {
				ASSETCATALOG_COMPILER_APPICON_NAME = AppIcon;
				INFOPLIST_FILE = AutoLayoutAndSizeClass/Info.plist;
				LD_RUNPATH_SEARCH_PATHS = "$(inherited) @executable_path/Frameworks";
				PRODUCT_BUNDLE_IDENTIFIER = com.rocoo.AutoLayoutAndSizeClass;
				PRODUCT_NAME = "$(TARGET_NAME)";
				TARGETED_DEVICE_FAMILY = "1,2";
			};
			name = Release;
		};
/* End XCBuildConfiguration section */

/* Begin XCConfigurationList section */
		F21026AD1CE2B6AE0014291A /* Build configuration list for PBXProject "AutoLayoutAndSizeClass" */ = {
			isa = XCConfigurationList;
			buildConfigurations = (
				F21026C21CE2B6AE0014291A /* Debug */,
				F21026C31CE2B6AE0014291A /* Release */,
			);
			defaultConfigurationIsVisible = 0;
			defaultConfigurationName = Release;
		};
		F21026C41CE2B6AE0014291A /* Build configuration list for PBXNativeTarget "AutoLayoutAndSizeClass" */ = {
			isa = XCConfigurationList;
			buildConfigurations = (
				F21026C51CE2B6AE0014291A /* Debug */,
				F21026C61CE2B6AE0014291A /* Release */,
			);
			defaultConfigurationIsVisible = 0;
		};
/* End XCConfigurationList section */
	};
	rootObject = F21026AA1CE2B6AE0014291A /* Project object */;
}
