// !$*UTF8*$!
{
	archiveVersion = 1;
	classes = {
	};
	objectVersion = 46;
	objects = {

/* Begin PBXBuildFile section */
		F2B5C32C1CC6108400E5FE87 /* AppDelegate.swift in Sources */ = {isa = PBXBuildFile; fileRef = F2B5C32B1CC6108400E5FE87 /* AppDelegate.swift */; };
		F2B5C32E1CC6108400E5FE87 /* ViewController.swift in Sources */ = {isa = PBXBuildFile; fileRef = F2B5C32D1CC6108400E5FE87 /* ViewController.swift */; };
		F2B5C3311CC6108400E5FE87 /* Main.storyboard in Resources */ = {isa = PBXBuildFile; fileRef = F2B5C32F1CC6108400E5FE87 /* Main.storyboard */; };
		F2B5C3331CC6108400E5FE87 /* Assets.xcassets in Resources */ = {isa = PBXBuildFile; fileRef = F2B5C3321CC6108400E5FE87 /* Assets.xcassets */; };
/* End PBXBuildFile section */

/* Begin PBXFileReference section */
		F2B5C3281CC6108400E5FE87 /* TextReader.app */ = {isa = PBXFileReference; explicitFileType = wrapper.application; includeInIndex = 0; path = TextReader.app; sourceTree = BUILT_PRODUCTS_DIR; };
		F2B5C32B1CC6108400E5FE87 /* AppDelegate.swift */ = {isa = PBXFileReference; lastKnownFileType = sourcecode.swift; path = AppDelegate.swift; sourceTree = "<group>"; };
		F2B5C32D1CC6108400E5FE87 /* ViewController.swift */ = {isa = PBXFileReference; lastKnownFileType = sourcecode.swift; path = ViewController.swift; sourceTree = "<group>"; };
		F2B5C3301CC6108400E5FE87 /* Base */ = {isa = PBXFileReference; lastKnownFileType = file.storyboard; name = Base; path = Base.lproj/Main.storyboard; sourceTree = "<group>"; };
		F2B5C3321CC6108400E5FE87 /* Assets.xcassets */ = {isa = PBXFileReference; lastKnownFileType = folder.assetcatalog; path = Assets.xcassets; sourceTree = "<group>"; };
		F2B5C3371CC6108400E5FE87 /* Info.plist */ = {isa = PBXFileReference; lastKnownFileType = text.plist.xml; path = Info.plist; sourceTree = "<group>"; };
/* End PBXFileReference section */

/* Begin PBXFrameworksBuildPhase section */
		F2B5C3251CC6108400E5FE87 /* Frameworks */ = {
			isa = PBXFrameworksBuildPhase;
			buildActionMask = 2147483647;
			files = (
			);
			runOnlyForDeploymentPostprocessing = 0;
		};
/* End PBXFrameworksBuildPhase section */

/* Begin PBXGroup section */
		F2B5C31F1CC6108400E5FE87 = {
			isa = PBXGroup;
			children = (
				F2B5C32A1CC6108400E5FE87 /* TextReader */,
				F2B5C3291CC6108400E5FE87 /* Products */,
			);
			sourceTree = "<group>";
		};
		F2B5C3291CC6108400E5FE87 /* Products */ = {
			isa = PBXGroup;
			children = (
				F2B5C3281CC6108400E5FE87 /* TextReader.app */,
			);
			name = Products;
			sourceTree = "<group>";
		};
		F2B5C32A1CC6108400E5FE87 /* TextReader */ = {
			isa = PBXGroup;
			children = (
				F2B5C32B1CC6108400E5FE87 /* AppDelegate.swift */,
				F2B5C32D1CC6108400E5FE87 /* ViewController.swift */,
				F2B5C32F1CC6108400E5FE87 /* Main.storyboard */,
				F2B5C3321CC6108400E5FE87 /* Assets.xcassets */,
				F2B5C3371CC6108400E5FE87 /* Info.plist */,
			);
			path = TextReader;
			sourceTree = "<group>";
		};
/* End PBXGroup section */

/* Begin PBXNativeTarget section */
		F2B5C3271CC6108400E5FE87 /* TextReader */ = {
			isa = PBXNativeTarget;
			buildConfigurationList = F2B5C33A1CC6108400E5FE87 /* Build configuration list for PBXNativeTarget "TextReader" */;
			buildPhases = (
				F2B5C3241CC6108400E5FE87 /* Sources */,
				F2B5C3251CC6108400E5FE87 /* Frameworks */,
				F2B5C3261CC6108400E5FE87 /* Resources */,
			);
			buildRules = (
			);
			dependencies = (
			);
			name = TextReader;
			productName = TextReader;
			productReference = F2B5C3281CC6108400E5FE87 /* TextReader.app */;
			productType = "com.apple.product-type.application";
		};
/* End PBXNativeTarget section */

/* Begin PBXProject section */
		F2B5C3201CC6108400E5FE87 /* Project object */ = {
			isa = PBXProject;
			attributes = {
				LastSwiftUpdateCheck = 0720;
				LastUpgradeCheck = 0720;
				ORGANIZATIONNAME = "Geosat-RD01";
				TargetAttributes = {
					F2B5C3271CC6108400E5FE87 = {
						CreatedOnToolsVersion = 7.2.1;
					};
				};
			};
			buildConfigurationList = F2B5C3231CC6108400E5FE87 /* Build configuration list for PBXProject "TextReader" */;
			compatibilityVersion = "Xcode 3.2";
			developmentRegion = English;
			hasScannedForEncodings = 0;
			knownRegions = (
				en,
				Base,
			);
			mainGroup = F2B5C31F1CC6108400E5FE87;
			productRefGroup = F2B5C3291CC6108400E5FE87 /* Products */;
			projectDirPath = "";
			projectRoot = "";
			targets = (
				F2B5C3271CC6108400E5FE87 /* TextReader */,
			);
		};
/* End PBXProject section */

/* Begin PBXResourcesBuildPhase section */
		F2B5C3261CC6108400E5FE87 /* Resources */ = {
			isa = PBXResourcesBuildPhase;
			buildActionMask = 2147483647;
			files = (
				F2B5C3331CC6108400E5FE87 /* Assets.xcassets in Resources */,
				F2B5C3311CC6108400E5FE87 /* Main.storyboard in Resources */,
			);
			runOnlyForDeploymentPostprocessing = 0;
		};
/* End PBXResourcesBuildPhase section */

/* Begin PBXSourcesBuildPhase section */
		F2B5C3241CC6108400E5FE87 /* Sources */ = {
			isa = PBXSourcesBuildPhase;
			buildActionMask = 2147483647;
			files = (
				F2B5C32E1CC6108400E5FE87 /* ViewController.swift in Sources */,
				F2B5C32C1CC6108400E5FE87 /* AppDelegate.swift in Sources */,
			);
			runOnlyForDeploymentPostprocessing = 0;
		};
/* End PBXSourcesBuildPhase section */

/* Begin PBXVariantGroup section */
		F2B5C32F1CC6108400E5FE87 /* Main.storyboard */ = {
			isa = PBXVariantGroup;
			children = (
				F2B5C3301CC6108400E5FE87 /* Base */,
			);
			name = Main.storyboard;
			sourceTree = "<group>";
		};
/* End PBXVariantGroup section */

/* Begin XCBuildConfiguration section */
		F2B5C3381CC6108400E5FE87 /* Debug */ = {
			isa = XCBuildConfiguration;
			buildSettings = {
				ALWAYS_SEARCH_USER_PATHS = NO;
				CLANG_CXX_LANGUAGE_STANDARD = "gnu++0x";
				CLANG_CXX_LIBRARY = "libc++";
				CLANG_ENABLE_MODULES = YES;
				CLANG_ENABLE_OBJC_ARC = YES;
				CLANG_WARN_BOOL_CONVERSION = YES;
				CLANG_WARN_CONSTANT_CONVERSION = YES;
				CLANG_WARN_DIRECT_OBJC_ISA_USAGE = YES_ERROR;
				CLANG_WARN_EMPTY_BODY = YES;
				CLANG_WARN_ENUM_CONVERSION = YES;
				CLANG_WARN_INT_CONVERSION = YES;
				CLANG_WARN_OBJC_ROOT_CLASS = YES_ERROR;
				CLANG_WARN_UNREACHABLE_CODE = YES;
				CLANG_WARN__DUPLICATE_METHOD_MATCH = YES;
				"CODE_SIGN_IDENTITY[sdk=iphoneos*]" = "iPhone Developer";
				COPY_PHASE_STRIP = NO;
				DEBUG_INFORMATION_FORMAT = dwarf;
				ENABLE_STRICT_OBJC_MSGSEND = YES;
				ENABLE_TESTABILITY = YES;
				GCC_C_LANGUAGE_STANDARD = gnu99;
				GCC_DYNAMIC_NO_PIC = NO;
				GCC_NO_COMMON_BLOCKS = YES;
				GCC_OPTIMIZATION_LEVEL = 0;
				GCC_PREPROCESSOR_DEFINITIONS = (
					"DEBUG=1",
					"$(inherited)",
				);
				GCC_WARN_64_TO_32_BIT_CONVERSION = YES;
				GCC_WARN_ABOUT_RETURN_TYPE = YES_ERROR;
				GCC_WARN_UNDECLARED_SELECTOR = YES;
				GCC_WARN_UNINITIALIZED_AUTOS = YES_AGGRESSIVE;
				GCC_WARN_UNUSED_FUNCTION = YES;
				GCC_WARN_UNUSED_VARIABLE = YES;
				IPHONEOS_DEPLOYMENT_TARGET = 9.2;
				MTL_ENABLE_DEBUG_INFO = YES;
				ONLY_ACTIVE_ARCH = YES;
				SDKROOT = iphoneos;
				SWIFT_OPTIMIZATION_LEVEL = "-Onone";
				TARGETED_DEVICE_FAMILY = "1,2";
			};
			name = Debug;
		};
		F2B5C3391CC6108400E5FE87 /* Release */ = {
			isa = XCBuildConfiguration;
			buildSettings = {
				ALWAYS_SEARCH_USER_PATHS = NO;
				CLANG_CXX_LANGUAGE_STANDARD = "gnu++0x";
				CLANG_CXX_LIBRARY = "libc++";
				CLANG_ENABLE_MODULES = YES;
				CLANG_ENABLE_OBJC_ARC = YES;
				CLANG_WARN_BOOL_CONVERSION = YES;
				CLANG_WARN_CONSTANT_CONVERSION = YES;
				CLANG_WARN_DIRECT_OBJC_ISA_USAGE = YES_ERROR;
				CLANG_WARN_EMPTY_BODY = YES;
				CLANG_WARN_ENUM_CONVERSION = YES;
				CLANG_WARN_INT_CONVERSION = YES;
				CLANG_WARN_OBJC_ROOT_CLASS = YES_ERROR;
				CLANG_WARN_UNREACHABLE_CODE = YES;
				CLANG_WARN__DUPLICATE_METHOD_MATCH = YES;
				"CODE_SIGN_IDENTITY[sdk=iphoneos*]" = "iPhone Developer";
				COPY_PHASE_STRIP = NO;
				DEBUG_INFORMATION_FORMAT = "dwarf-with-dsym";
				ENABLE_NS_ASSERTIONS = NO;
				ENABLE_STRICT_OBJC_MSGSEND = YES;
				GCC_C_LANGUAGE_STANDARD = gnu99;
				GCC_NO_COMMON_BLOCKS = YES;
				GCC_WARN_64_TO_32_BIT_CONVERSION = YES;
				GCC_WARN_ABOUT_RETURN_TYPE = YES_ERROR;
				GCC_WARN_UNDECLARED_SELECTOR = YES;
				GCC_WARN_UNINITIALIZED_AUTOS = YES_AGGRESSIVE;
				GCC_WARN_UNUSED_FUNCTION = YES;
				GCC_WARN_UNUSED_VARIABLE = YES;
				IPHONEOS_DEPLOYMENT_TARGET = 9.2;
				MTL_ENABLE_DEBUG_INFO = NO;
				SDKROOT = iphoneos;
				TARGETED_DEVICE_FAMILY = "1,2";
				VALIDATE_PRODUCT = YES;
			};
			name = Release;
		};
		F2B5C33B1CC6108400E5FE87 /* Debug */ = {
			isa = XCBuildConfiguration;
			buildSettings = {
				ASSETCATALOG_COMPILER_APPICON_NAME = AppIcon;
				INFOPLIST_FILE = TextReader/Info.plist;
				LD_RUNPATH_SEARCH_PATHS = "$(inherited) @executable_path/Frameworks";
				PRODUCT_BUNDLE_IDENTIFIER = com.rocoo.TextReader;
				PRODUCT_NAME = "$(TARGET_NAME)";
			};
			name = Debug;
		};
		F2B5C33C1CC6108400E5FE87 /* Release */ = {
			isa = XCBuildConfiguration;
			buildSettings = {
				ASSETCATALOG_COMPILER_APPICON_NAME = AppIcon;
				INFOPLIST_FILE = TextReader/Info.plist;
				LD_RUNPATH_SEARCH_PATHS = "$(inherited) @executable_path/Frameworks";
				PRODUCT_BUNDLE_IDENTIFIER = com.rocoo.TextReader;
				PRODUCT_NAME = "$(TARGET_NAME)";
			};
			name = Release;
		};
/* End XCBuildConfiguration section */

/* Begin XCConfigurationList section */
		F2B5C3231CC6108400E5FE87 /* Build configuration list for PBXProject "TextReader" */ = {
			isa = XCConfigurationList;
			buildConfigurations = (
				F2B5C3381CC6108400E5FE87 /* Debug */,
				F2B5C3391CC6108400E5FE87 /* Release */,
			);
			defaultConfigurationIsVisible = 0;
			defaultConfigurationName = Release;
		};
		F2B5C33A1CC6108400E5FE87 /* Build configuration list for PBXNativeTarget "TextReader" */ = {
			isa = XCConfigurationList;
			buildConfigurations = (
				F2B5C33B1CC6108400E5FE87 /* Debug */,
				F2B5C33C1CC6108400E5FE87 /* Release */,
			);
			defaultConfigurationIsVisible = 0;
			defaultConfigurationName = Release;
		};
/* End XCConfigurationList section */
	};
	rootObject = F2B5C3201CC6108400E5FE87 /* Project object */;
}
