// !$*UTF8*$!
{
	archiveVersion = 1;
	classes = {
	};
	objectVersion = 46;
	objects = {

/* Begin PBXBuildFile section */
		F2FB4EF91CCDF0AA00DE9F36 /* AppDelegate.swift in Sources */ = {isa = PBXBuildFile; fileRef = F2FB4EF81CCDF0AA00DE9F36 /* AppDelegate.swift */; };
		F2FB4EFB1CCDF0AA00DE9F36 /* ViewController.swift in Sources */ = {isa = PBXBuildFile; fileRef = F2FB4EFA1CCDF0AA00DE9F36 /* ViewController.swift */; };
		F2FB4EFE1CCDF0AA00DE9F36 /* Main.storyboard in Resources */ = {isa = PBXBuildFile; fileRef = F2FB4EFC1CCDF0AA00DE9F36 /* Main.storyboard */; };
		F2FB4F001CCDF0AA00DE9F36 /* Assets.xcassets in Resources */ = {isa = PBXBuildFile; fileRef = F2FB4EFF1CCDF0AA00DE9F36 /* Assets.xcassets */; };
		F2FB4F031CCDF0AA00DE9F36 /* LaunchScreen.storyboard in Resources */ = {isa = PBXBuildFile; fileRef = F2FB4F011CCDF0AA00DE9F36 /* LaunchScreen.storyboard */; };
/* End PBXBuildFile section */

/* Begin PBXFileReference section */
		F2FB4EF51CCDF0AA00DE9F36 /* Constraints.app */ = {isa = PBXFileReference; explicitFileType = wrapper.application; includeInIndex = 0; path = Constraints.app; sourceTree = BUILT_PRODUCTS_DIR; };
		F2FB4EF81CCDF0AA00DE9F36 /* AppDelegate.swift */ = {isa = PBXFileReference; lastKnownFileType = sourcecode.swift; path = AppDelegate.swift; sourceTree = "<group>"; };
		F2FB4EFA1CCDF0AA00DE9F36 /* ViewController.swift */ = {isa = PBXFileReference; lastKnownFileType = sourcecode.swift; path = ViewController.swift; sourceTree = "<group>"; };
		F2FB4EFD1CCDF0AA00DE9F36 /* Base */ = {isa = PBXFileReference; lastKnownFileType = file.storyboard; name = Base; path = Base.lproj/Main.storyboard; sourceTree = "<group>"; };
		F2FB4EFF1CCDF0AA00DE9F36 /* Assets.xcassets */ = {isa = PBXFileReference; lastKnownFileType = folder.assetcatalog; path = Assets.xcassets; sourceTree = "<group>"; };
		F2FB4F021CCDF0AA00DE9F36 /* Base */ = {isa = PBXFileReference; lastKnownFileType = file.storyboard; name = Base; path = Base.lproj/LaunchScreen.storyboard; sourceTree = "<group>"; };
		F2FB4F041CCDF0AA00DE9F36 /* Info.plist */ = {isa = PBXFileReference; lastKnownFileType = text.plist.xml; path = Info.plist; sourceTree = "<group>"; };
/* End PBXFileReference section */

/* Begin PBXFrameworksBuildPhase section */
		F2FB4EF21CCDF0AA00DE9F36 /* Frameworks */ = {
			isa = PBXFrameworksBuildPhase;
			buildActionMask = 2147483647;
			files = (
			);
			runOnlyForDeploymentPostprocessing = 0;
		};
/* End PBXFrameworksBuildPhase section */

/* Begin PBXGroup section */
		F2FB4EEC1CCDF0AA00DE9F36 = {
			isa = PBXGroup;
			children = (
				F2FB4EF71CCDF0AA00DE9F36 /* Constraints */,
				F2FB4EF61CCDF0AA00DE9F36 /* Products */,
			);
			sourceTree = "<group>";
		};
		F2FB4EF61CCDF0AA00DE9F36 /* Products */ = {
			isa = PBXGroup;
			children = (
				F2FB4EF51CCDF0AA00DE9F36 /* Constraints.app */,
			);
			name = Products;
			sourceTree = "<group>";
		};
		F2FB4EF71CCDF0AA00DE9F36 /* Constraints */ = {
			isa = PBXGroup;
			children = (
				F2FB4EF81CCDF0AA00DE9F36 /* AppDelegate.swift */,
				F2FB4EFA1CCDF0AA00DE9F36 /* ViewController.swift */,
				F2FB4EFC1CCDF0AA00DE9F36 /* Main.storyboard */,
				F2FB4EFF1CCDF0AA00DE9F36 /* Assets.xcassets */,
				F2FB4F011CCDF0AA00DE9F36 /* LaunchScreen.storyboard */,
				F2FB4F041CCDF0AA00DE9F36 /* Info.plist */,
			);
			path = Constraints;
			sourceTree = "<group>";
		};
/* End PBXGroup section */

/* Begin PBXNativeTarget section */
		F2FB4EF41CCDF0AA00DE9F36 /* Constraints */ = {
			isa = PBXNativeTarget;
			buildConfigurationList = F2FB4F071CCDF0AA00DE9F36 /* Build configuration list for PBXNativeTarget "Constraints" */;
			buildPhases = (
				F2FB4EF11CCDF0AA00DE9F36 /* Sources */,
				F2FB4EF21CCDF0AA00DE9F36 /* Frameworks */,
				F2FB4EF31CCDF0AA00DE9F36 /* Resources */,
			);
			buildRules = (
			);
			dependencies = (
			);
			name = Constraints;
			productName = Constraints;
			productReference = F2FB4EF51CCDF0AA00DE9F36 /* Constraints.app */;
			productType = "com.apple.product-type.application";
		};
/* End PBXNativeTarget section */

/* Begin PBXProject section */
		F2FB4EED1CCDF0AA00DE9F36 /* Project object */ = {
			isa = PBXProject;
			attributes = {
				LastSwiftUpdateCheck = 0720;
				LastUpgradeCheck = 0720;
				ORGANIZATIONNAME = Rocoo;
				TargetAttributes = {
					F2FB4EF41CCDF0AA00DE9F36 = {
						CreatedOnToolsVersion = 7.2.1;
					};
				};
			};
			buildConfigurationList = F2FB4EF01CCDF0AA00DE9F36 /* Build configuration list for PBXProject "Constraints" */;
			compatibilityVersion = "Xcode 3.2";
			developmentRegion = English;
			hasScannedForEncodings = 0;
			knownRegions = (
				en,
				Base,
			);
			mainGroup = F2FB4EEC1CCDF0AA00DE9F36;
			productRefGroup = F2FB4EF61CCDF0AA00DE9F36 /* Products */;
			projectDirPath = "";
			projectRoot = "";
			targets = (
				F2FB4EF41CCDF0AA00DE9F36 /* Constraints */,
			);
		};
/* End PBXProject section */

/* Begin PBXResourcesBuildPhase section */
		F2FB4EF31CCDF0AA00DE9F36 /* Resources */ = {
			isa = PBXResourcesBuildPhase;
			buildActionMask = 2147483647;
			files = (
				F2FB4F031CCDF0AA00DE9F36 /* LaunchScreen.storyboard in Resources */,
				F2FB4F001CCDF0AA00DE9F36 /* Assets.xcassets in Resources */,
				F2FB4EFE1CCDF0AA00DE9F36 /* Main.storyboard in Resources */,
			);
			runOnlyForDeploymentPostprocessing = 0;
		};
/* End PBXResourcesBuildPhase section */

/* Begin PBXSourcesBuildPhase section */
		F2FB4EF11CCDF0AA00DE9F36 /* Sources */ = {
			isa = PBXSourcesBuildPhase;
			buildActionMask = 2147483647;
			files = (
				F2FB4EFB1CCDF0AA00DE9F36 /* ViewController.swift in Sources */,
				F2FB4EF91CCDF0AA00DE9F36 /* AppDelegate.swift in Sources */,
			);
			runOnlyForDeploymentPostprocessing = 0;
		};
/* End PBXSourcesBuildPhase section */

/* Begin PBXVariantGroup section */
		F2FB4EFC1CCDF0AA00DE9F36 /* Main.storyboard */ = {
			isa = PBXVariantGroup;
			children = (
				F2FB4EFD1CCDF0AA00DE9F36 /* Base */,
			);
			name = Main.storyboard;
			sourceTree = "<group>";
		};
		F2FB4F011CCDF0AA00DE9F36 /* LaunchScreen.storyboard */ = {
			isa = PBXVariantGroup;
			children = (
				F2FB4F021CCDF0AA00DE9F36 /* Base */,
			);
			name = LaunchScreen.storyboard;
			sourceTree = "<group>";
		};
/* End PBXVariantGroup section */

/* Begin XCBuildConfiguration section */
		F2FB4F051CCDF0AA00DE9F36 /* Debug */ = {
			isa = XCBuildConfiguration;
			buildSettings = {
				ALWAYS_SEARCH_USER_PATHS = NO;
				CLANG_CXX_LANGUAGE_STANDARD = "gnu++0x";
				CLANG_CXX_LIBRARY = "libc++";
				CLANG_ENABLE_MODULES = YES;
				CLANG_ENABLE_OBJC_ARC = YES;
				CLANG_WARN_BOOL_CONVERSION = YES;
				CLANG_WARN_CONSTANT_CONVERSION = YES;
				CLANG_WARN_DIRECT_OBJC_ISA_USAGE = YES_ERROR;
				CLANG_WARN_EMPTY_BODY = YES;
				CLANG_WARN_ENUM_CONVERSION = YES;
				CLANG_WARN_INT_CONVERSION = YES;
				CLANG_WARN_OBJC_ROOT_CLASS = YES_ERROR;
				CLANG_WARN_UNREACHABLE_CODE = YES;
				CLANG_WARN__DUPLICATE_METHOD_MATCH = YES;
				"CODE_SIGN_IDENTITY[sdk=iphoneos*]" = "iPhone Developer";
				COPY_PHASE_STRIP = NO;
				DEBUG_INFORMATION_FORMAT = dwarf;
				ENABLE_STRICT_OBJC_MSGSEND = YES;
				ENABLE_TESTABILITY = YES;
				GCC_C_LANGUAGE_STANDARD = gnu99;
				GCC_DYNAMIC_NO_PIC = NO;
				GCC_NO_COMMON_BLOCKS = YES;
				GCC_OPTIMIZATION_LEVEL = 0;
				GCC_PREPROCESSOR_DEFINITIONS = (
					"DEBUG=1",
					"$(inherited)",
				);
				GCC_WARN_64_TO_32_BIT_CONVERSION = YES;
				GCC_WARN_ABOUT_RETURN_TYPE = YES_ERROR;
				GCC_WARN_UNDECLARED_SELECTOR = YES;
				GCC_WARN_UNINITIALIZED_AUTOS = YES_AGGRESSIVE;
				GCC_WARN_UNUSED_FUNCTION = YES;
				GCC_WARN_UNUSED_VARIABLE = YES;
				IPHONEOS_DEPLOYMENT_TARGET = 9.2;
				MTL_ENABLE_DEBUG_INFO = YES;
				ONLY_ACTIVE_ARCH = YES;
				SDKROOT = iphoneos;
				SWIFT_OPTIMIZATION_LEVEL = "-Onone";
				TARGETED_DEVICE_FAMILY = "1,2";
			};
			name = Debug;
		};
		F2FB4F061CCDF0AA00DE9F36 /* Release */ = {
			isa = XCBuildConfiguration;
			buildSettings = {
				ALWAYS_SEARCH_USER_PATHS = NO;
				CLANG_CXX_LANGUAGE_STANDARD = "gnu++0x";
				CLANG_CXX_LIBRARY = "libc++";
				CLANG_ENABLE_MODULES = YES;
				CLANG_ENABLE_OBJC_ARC = YES;
				CLANG_WARN_BOOL_CONVERSION = YES;
				CLANG_WARN_CONSTANT_CONVERSION = YES;
				CLANG_WARN_DIRECT_OBJC_ISA_USAGE = YES_ERROR;
				CLANG_WARN_EMPTY_BODY = YES;
				CLANG_WARN_ENUM_CONVERSION = YES;
				CLANG_WARN_INT_CONVERSION = YES;
				CLANG_WARN_OBJC_ROOT_CLASS = YES_ERROR;
				CLANG_WARN_UNREACHABLE_CODE = YES;
				CLANG_WARN__DUPLICATE_METHOD_MATCH = YES;
				"CODE_SIGN_IDENTITY[sdk=iphoneos*]" = "iPhone Developer";
				COPY_PHASE_STRIP = NO;
				DEBUG_INFORMATION_FORMAT = "dwarf-with-dsym";
				ENABLE_NS_ASSERTIONS = NO;
				ENABLE_STRICT_OBJC_MSGSEND = YES;
				GCC_C_LANGUAGE_STANDARD = gnu99;
				GCC_NO_COMMON_BLOCKS = YES;
				GCC_WARN_64_TO_32_BIT_CONVERSION = YES;
				GCC_WARN_ABOUT_RETURN_TYPE = YES_ERROR;
				GCC_WARN_UNDECLARED_SELECTOR = YES;
				GCC_WARN_UNINITIALIZED_AUTOS = YES_AGGRESSIVE;
				GCC_WARN_UNUSED_FUNCTION = YES;
				GCC_WARN_UNUSED_VARIABLE = YES;
				IPHONEOS_DEPLOYMENT_TARGET = 9.2;
				MTL_ENABLE_DEBUG_INFO = NO;
				SDKROOT = iphoneos;
				TARGETED_DEVICE_FAMILY = "1,2";
				VALIDATE_PRODUCT = YES;
			};
			name = Release;
		};
		F2FB4F081CCDF0AA00DE9F36 /* Debug */ = {
			isa = XCBuildConfiguration;
			buildSettings = {
				ASSETCATALOG_COMPILER_APPICON_NAME = AppIcon;
				INFOPLIST_FILE = Constraints/Info.plist;
				LD_RUNPATH_SEARCH_PATHS = "$(inherited) @executable_path/Frameworks";
				PRODUCT_BUNDLE_IDENTIFIER = com.rocoo.Constraints;
				PRODUCT_NAME = "$(TARGET_NAME)";
			};
			name = Debug;
		};
		F2FB4F091CCDF0AA00DE9F36 /* Release */ = {
			isa = XCBuildConfiguration;
			buildSettings = {
				ASSETCATALOG_COMPILER_APPICON_NAME = AppIcon;
				INFOPLIST_FILE = Constraints/Info.plist;
				LD_RUNPATH_SEARCH_PATHS = "$(inherited) @executable_path/Frameworks";
				PRODUCT_BUNDLE_IDENTIFIER = com.rocoo.Constraints;
				PRODUCT_NAME = "$(TARGET_NAME)";
			};
			name = Release;
		};
/* End XCBuildConfiguration section */

/* Begin XCConfigurationList section */
		F2FB4EF01CCDF0AA00DE9F36 /* Build configuration list for PBXProject "Constraints" */ = {
			isa = XCConfigurationList;
			buildConfigurations = (
				F2FB4F051CCDF0AA00DE9F36 /* Debug */,
				F2FB4F061CCDF0AA00DE9F36 /* Release */,
			);
			defaultConfigurationIsVisible = 0;
			defaultConfigurationName = Release;
		};
		F2FB4F071CCDF0AA00DE9F36 /* Build configuration list for PBXNativeTarget "Constraints" */ = {
			isa = XCConfigurationList;
			buildConfigurations = (
				F2FB4F081CCDF0AA00DE9F36 /* Debug */,
				F2FB4F091CCDF0AA00DE9F36 /* Release */,
			);
			defaultConfigurationIsVisible = 0;
		};
/* End XCConfigurationList section */
	};
	rootObject = F2FB4EED1CCDF0AA00DE9F36 /* Project object */;
}
