// !$*UTF8*$!
{
	archiveVersion = 1;
	classes = {
	};
	objectVersion = 50;
	objects = {

/* Begin PBXBuildFile section */
		3F3A4C6822661C1F0083DEB1 /* ArtworkViewModel.swift in Sources */ = {isa = PBXBuildFile; fileRef = 3F3A4C6722661C1F0083DEB1 /* ArtworkViewModel.swift */; };
		3F3A4C6A226804740083DEB1 /* LocationService.swift in Sources */ = {isa = PBXBuildFile; fileRef = 3F3A4C69226804740083DEB1 /* LocationService.swift */; };
		3FA315AC2214F92700CC29C9 /* AppDelegate.swift in Sources */ = {isa = PBXBuildFile; fileRef = 3FA315AB2214F92700CC29C9 /* AppDelegate.swift */; };
		3FA315AE2214F92700CC29C9 /* ViewController.swift in Sources */ = {isa = PBXBuildFile; fileRef = 3FA315AD2214F92700CC29C9 /* ViewController.swift */; };
		3FA315B12214F92700CC29C9 /* Main.storyboard in Resources */ = {isa = PBXBuildFile; fileRef = 3FA315AF2214F92700CC29C9 /* Main.storyboard */; };
		3FA315B32214F92900CC29C9 /* Assets.xcassets in Resources */ = {isa = PBXBuildFile; fileRef = 3FA315B22214F92900CC29C9 /* Assets.xcassets */; };
		3FA315BE221503E600CC29C9 /* PublicArt.json in Resources */ = {isa = PBXBuildFile; fileRef = 3FA315BD221503E600CC29C9 /* PublicArt.json */; };
		3FA315C02215D05200CC29C9 /* Artwork.swift in Sources */ = {isa = PBXBuildFile; fileRef = 3FA315BF2215D05200CC29C9 /* Artwork.swift */; };
		3FA315C32216B77800CC29C9 /* ArtworkViews.swift in Sources */ = {isa = PBXBuildFile; fileRef = 3FA315C22216B77800CC29C9 /* ArtworkViews.swift */; };
/* End PBXBuildFile section */

/* Begin PBXFileReference section */
		3F3A4C6722661C1F0083DEB1 /* ArtworkViewModel.swift */ = {isa = PBXFileReference; lastKnownFileType = sourcecode.swift; path = ArtworkViewModel.swift; sourceTree = "<group>"; };
		3F3A4C69226804740083DEB1 /* LocationService.swift */ = {isa = PBXFileReference; lastKnownFileType = sourcecode.swift; path = LocationService.swift; sourceTree = "<group>"; };
		3FA315A82214F92700CC29C9 /* AppleMap.app */ = {isa = PBXFileReference; explicitFileType = wrapper.application; includeInIndex = 0; path = AppleMap.app; sourceTree = BUILT_PRODUCTS_DIR; };
		3FA315AB2214F92700CC29C9 /* AppDelegate.swift */ = {isa = PBXFileReference; lastKnownFileType = sourcecode.swift; path = AppDelegate.swift; sourceTree = "<group>"; };
		3FA315AD2214F92700CC29C9 /* ViewController.swift */ = {isa = PBXFileReference; lastKnownFileType = sourcecode.swift; path = ViewController.swift; sourceTree = "<group>"; };
		3FA315B02214F92700CC29C9 /* Base */ = {isa = PBXFileReference; lastKnownFileType = file.storyboard; name = Base; path = Base.lproj/Main.storyboard; sourceTree = "<group>"; };
		3FA315B22214F92900CC29C9 /* Assets.xcassets */ = {isa = PBXFileReference; lastKnownFileType = folder.assetcatalog; path = Assets.xcassets; sourceTree = "<group>"; };
		3FA315B72214F92900CC29C9 /* Info.plist */ = {isa = PBXFileReference; lastKnownFileType = text.plist.xml; path = Info.plist; sourceTree = "<group>"; };
		3FA315BD221503E600CC29C9 /* PublicArt.json */ = {isa = PBXFileReference; fileEncoding = 4; lastKnownFileType = text.json; path = PublicArt.json; sourceTree = "<group>"; };
		3FA315BF2215D05200CC29C9 /* Artwork.swift */ = {isa = PBXFileReference; lastKnownFileType = sourcecode.swift; path = Artwork.swift; sourceTree = "<group>"; };
		3FA315C22216B77800CC29C9 /* ArtworkViews.swift */ = {isa = PBXFileReference; lastKnownFileType = sourcecode.swift; path = ArtworkViews.swift; sourceTree = "<group>"; };
/* End PBXFileReference section */

/* Begin PBXFrameworksBuildPhase section */
		3FA315A52214F92700CC29C9 /* Frameworks */ = {
			isa = PBXFrameworksBuildPhase;
			buildActionMask = 2147483647;
			files = (
			);
			runOnlyForDeploymentPostprocessing = 0;
		};
/* End PBXFrameworksBuildPhase section */

/* Begin PBXGroup section */
		3F3A4C6422661B330083DEB1 /* View */ = {
			isa = PBXGroup;
			children = (
				3FA315C22216B77800CC29C9 /* ArtworkViews.swift */,
				3FA315AD2214F92700CC29C9 /* ViewController.swift */,
			);
			path = View;
			sourceTree = "<group>";
		};
		3F3A4C6522661B3E0083DEB1 /* ViewModel */ = {
			isa = PBXGroup;
			children = (
				3F3A4C6722661C1F0083DEB1 /* ArtworkViewModel.swift */,
			);
			path = ViewModel;
			sourceTree = "<group>";
		};
		3F3A4C6622661B450083DEB1 /* Model */ = {
			isa = PBXGroup;
			children = (
				3FA315BF2215D05200CC29C9 /* Artwork.swift */,
			);
			path = Model;
			sourceTree = "<group>";
		};
		3FA3159F2214F92700CC29C9 = {
			isa = PBXGroup;
			children = (
				3FA315AA2214F92700CC29C9 /* AppleMap */,
				3FA315A92214F92700CC29C9 /* Products */,
			);
			sourceTree = "<group>";
		};
		3FA315A92214F92700CC29C9 /* Products */ = {
			isa = PBXGroup;
			children = (
				3FA315A82214F92700CC29C9 /* AppleMap.app */,
			);
			name = Products;
			sourceTree = "<group>";
		};
		3FA315AA2214F92700CC29C9 /* AppleMap */ = {
			isa = PBXGroup;
			children = (
				3F3A4C6622661B450083DEB1 /* Model */,
				3F3A4C6522661B3E0083DEB1 /* ViewModel */,
				3F3A4C6422661B330083DEB1 /* View */,
				3FA315C12216490300CC29C9 /* Support Files */,
				3FA315BD221503E600CC29C9 /* PublicArt.json */,
				3FA315AF2214F92700CC29C9 /* Main.storyboard */,
				3F3A4C69226804740083DEB1 /* LocationService.swift */,
			);
			path = AppleMap;
			sourceTree = "<group>";
		};
		3FA315C12216490300CC29C9 /* Support Files */ = {
			isa = PBXGroup;
			children = (
				3FA315AB2214F92700CC29C9 /* AppDelegate.swift */,
				3FA315B22214F92900CC29C9 /* Assets.xcassets */,
				3FA315B72214F92900CC29C9 /* Info.plist */,
			);
			path = "Support Files";
			sourceTree = "<group>";
		};
/* End PBXGroup section */

/* Begin PBXNativeTarget section */
		3FA315A72214F92700CC29C9 /* AppleMap */ = {
			isa = PBXNativeTarget;
			buildConfigurationList = 3FA315BA2214F92900CC29C9 /* Build configuration list for PBXNativeTarget "AppleMap" */;
			buildPhases = (
				3FA315A42214F92700CC29C9 /* Sources */,
				3FA315A52214F92700CC29C9 /* Frameworks */,
				3FA315A62214F92700CC29C9 /* Resources */,
			);
			buildRules = (
			);
			dependencies = (
			);
			name = AppleMap;
			productName = AppleMap;
			productReference = 3FA315A82214F92700CC29C9 /* AppleMap.app */;
			productType = "com.apple.product-type.application";
		};
/* End PBXNativeTarget section */

/* Begin PBXProject section */
		3FA315A02214F92700CC29C9 /* Project object */ = {
			isa = PBXProject;
			attributes = {
				LastSwiftUpdateCheck = 1010;
				LastUpgradeCheck = 1010;
				ORGANIZATIONNAME = Rocoo;
				TargetAttributes = {
					3FA315A72214F92700CC29C9 = {
						CreatedOnToolsVersion = 10.1;
					};
				};
			};
			buildConfigurationList = 3FA315A32214F92700CC29C9 /* Build configuration list for PBXProject "AppleMap" */;
			compatibilityVersion = "Xcode 9.3";
			developmentRegion = en;
			hasScannedForEncodings = 0;
			knownRegions = (
				en,
				Base,
			);
			mainGroup = 3FA3159F2214F92700CC29C9;
			productRefGroup = 3FA315A92214F92700CC29C9 /* Products */;
			projectDirPath = "";
			projectRoot = "";
			targets = (
				3FA315A72214F92700CC29C9 /* AppleMap */,
			);
		};
/* End PBXProject section */

/* Begin PBXResourcesBuildPhase section */
		3FA315A62214F92700CC29C9 /* Resources */ = {
			isa = PBXResourcesBuildPhase;
			buildActionMask = 2147483647;
			files = (
				3FA315BE221503E600CC29C9 /* PublicArt.json in Resources */,
				3FA315B32214F92900CC29C9 /* Assets.xcassets in Resources */,
				3FA315B12214F92700CC29C9 /* Main.storyboard in Resources */,
			);
			runOnlyForDeploymentPostprocessing = 0;
		};
/* End PBXResourcesBuildPhase section */

/* Begin PBXSourcesBuildPhase section */
		3FA315A42214F92700CC29C9 /* Sources */ = {
			isa = PBXSourcesBuildPhase;
			buildActionMask = 2147483647;
			files = (
				3FA315AE2214F92700CC29C9 /* ViewController.swift in Sources */,
				3FA315C32216B77800CC29C9 /* ArtworkViews.swift in Sources */,
				3FA315C02215D05200CC29C9 /* Artwork.swift in Sources */,
				3F3A4C6822661C1F0083DEB1 /* ArtworkViewModel.swift in Sources */,
				3F3A4C6A226804740083DEB1 /* LocationService.swift in Sources */,
				3FA315AC2214F92700CC29C9 /* AppDelegate.swift in Sources */,
			);
			runOnlyForDeploymentPostprocessing = 0;
		};
/* End PBXSourcesBuildPhase section */

/* Begin PBXVariantGroup section */
		3FA315AF2214F92700CC29C9 /* Main.storyboard */ = {
			isa = PBXVariantGroup;
			children = (
				3FA315B02214F92700CC29C9 /* Base */,
			);
			name = Main.storyboard;
			sourceTree = "<group>";
		};
/* End PBXVariantGroup section */

/* Begin XCBuildConfiguration section */
		3FA315B82214F92900CC29C9 /* Debug */ = {
			isa = XCBuildConfiguration;
			buildSettings = {
				ALWAYS_SEARCH_USER_PATHS = NO;
				CLANG_ANALYZER_NONNULL = YES;
				CLANG_ANALYZER_NUMBER_OBJECT_CONVERSION = YES_AGGRESSIVE;
				CLANG_CXX_LANGUAGE_STANDARD = "gnu++14";
				CLANG_CXX_LIBRARY = "libc++";
				CLANG_ENABLE_MODULES = YES;
				CLANG_ENABLE_OBJC_ARC = YES;
				CLANG_ENABLE_OBJC_WEAK = YES;
				CLANG_WARN_BLOCK_CAPTURE_AUTORELEASING = YES;
				CLANG_WARN_BOOL_CONVERSION = YES;
				CLANG_WARN_COMMA = YES;
				CLANG_WARN_CONSTANT_CONVERSION = YES;
				CLANG_WARN_DEPRECATED_OBJC_IMPLEMENTATIONS = YES;
				CLANG_WARN_DIRECT_OBJC_ISA_USAGE = YES_ERROR;
				CLANG_WARN_DOCUMENTATION_COMMENTS = YES;
				CLANG_WARN_EMPTY_BODY = YES;
				CLANG_WARN_ENUM_CONVERSION = YES;
				CLANG_WARN_INFINITE_RECURSION = YES;
				CLANG_WARN_INT_CONVERSION = YES;
				CLANG_WARN_NON_LITERAL_NULL_CONVERSION = YES;
				CLANG_WARN_OBJC_IMPLICIT_RETAIN_SELF = YES;
				CLANG_WARN_OBJC_LITERAL_CONVERSION = YES;
				CLANG_WARN_OBJC_ROOT_CLASS = YES_ERROR;
				CLANG_WARN_RANGE_LOOP_ANALYSIS = YES;
				CLANG_WARN_STRICT_PROTOTYPES = YES;
				CLANG_WARN_SUSPICIOUS_MOVE = YES;
				CLANG_WARN_UNGUARDED_AVAILABILITY = YES_AGGRESSIVE;
				CLANG_WARN_UNREACHABLE_CODE = YES;
				CLANG_WARN__DUPLICATE_METHOD_MATCH = YES;
				CODE_SIGN_IDENTITY = "iPhone Developer";
				COPY_PHASE_STRIP = NO;
				DEBUG_INFORMATION_FORMAT = dwarf;
				ENABLE_STRICT_OBJC_MSGSEND = YES;
				ENABLE_TESTABILITY = YES;
				GCC_C_LANGUAGE_STANDARD = gnu11;
				GCC_DYNAMIC_NO_PIC = NO;
				GCC_NO_COMMON_BLOCKS = YES;
				GCC_OPTIMIZATION_LEVEL = 0;
				GCC_PREPROCESSOR_DEFINITIONS = (
					"DEBUG=1",
					"$(inherited)",
				);
				GCC_WARN_64_TO_32_BIT_CONVERSION = YES;
				GCC_WARN_ABOUT_RETURN_TYPE = YES_ERROR;
				GCC_WARN_UNDECLARED_SELECTOR = YES;
				GCC_WARN_UNINITIALIZED_AUTOS = YES_AGGRESSIVE;
				GCC_WARN_UNUSED_FUNCTION = YES;
				GCC_WARN_UNUSED_VARIABLE = YES;
				IPHONEOS_DEPLOYMENT_TARGET = 12.1;
				MTL_ENABLE_DEBUG_INFO = INCLUDE_SOURCE;
				MTL_FAST_MATH = YES;
				ONLY_ACTIVE_ARCH = YES;
				SDKROOT = iphoneos;
				SWIFT_ACTIVE_COMPILATION_CONDITIONS = DEBUG;
				SWIFT_OPTIMIZATION_LEVEL = "-Onone";
			};
			name = Debug;
		};
		3FA315B92214F92900CC29C9 /* Release */ = {
			isa = XCBuildConfiguration;
			buildSettings = {
				ALWAYS_SEARCH_USER_PATHS = NO;
				CLANG_ANALYZER_NONNULL = YES;
				CLANG_ANALYZER_NUMBER_OBJECT_CONVERSION = YES_AGGRESSIVE;
				CLANG_CXX_LANGUAGE_STANDARD = "gnu++14";
				CLANG_CXX_LIBRARY = "libc++";
				CLANG_ENABLE_MODULES = YES;
				CLANG_ENABLE_OBJC_ARC = YES;
				CLANG_ENABLE_OBJC_WEAK = YES;
				CLANG_WARN_BLOCK_CAPTURE_AUTORELEASING = YES;
				CLANG_WARN_BOOL_CONVERSION = YES;
				CLANG_WARN_COMMA = YES;
				CLANG_WARN_CONSTANT_CONVERSION = YES;
				CLANG_WARN_DEPRECATED_OBJC_IMPLEMENTATIONS = YES;
				CLANG_WARN_DIRECT_OBJC_ISA_USAGE = YES_ERROR;
				CLANG_WARN_DOCUMENTATION_COMMENTS = YES;
				CLANG_WARN_EMPTY_BODY = YES;
				CLANG_WARN_ENUM_CONVERSION = YES;
				CLANG_WARN_INFINITE_RECURSION = YES;
				CLANG_WARN_INT_CONVERSION = YES;
				CLANG_WARN_NON_LITERAL_NULL_CONVERSION = YES;
				CLANG_WARN_OBJC_IMPLICIT_RETAIN_SELF = YES;
				CLANG_WARN_OBJC_LITERAL_CONVERSION = YES;
				CLANG_WARN_OBJC_ROOT_CLASS = YES_ERROR;
				CLANG_WARN_RANGE_LOOP_ANALYSIS = YES;
				CLANG_WARN_STRICT_PROTOTYPES = YES;
				CLANG_WARN_SUSPICIOUS_MOVE = YES;
				CLANG_WARN_UNGUARDED_AVAILABILITY = YES_AGGRESSIVE;
				CLANG_WARN_UNREACHABLE_CODE = YES;
				CLANG_WARN__DUPLICATE_METHOD_MATCH = YES;
				CODE_SIGN_IDENTITY = "iPhone Developer";
				COPY_PHASE_STRIP = NO;
				DEBUG_INFORMATION_FORMAT = "dwarf-with-dsym";
				ENABLE_NS_ASSERTIONS = NO;
				ENABLE_STRICT_OBJC_MSGSEND = YES;
				GCC_C_LANGUAGE_STANDARD = gnu11;
				GCC_NO_COMMON_BLOCKS = YES;
				GCC_WARN_64_TO_32_BIT_CONVERSION = YES;
				GCC_WARN_ABOUT_RETURN_TYPE = YES_ERROR;
				GCC_WARN_UNDECLARED_SELECTOR = YES;
				GCC_WARN_UNINITIALIZED_AUTOS = YES_AGGRESSIVE;
				GCC_WARN_UNUSED_FUNCTION = YES;
				GCC_WARN_UNUSED_VARIABLE = YES;
				IPHONEOS_DEPLOYMENT_TARGET = 12.1;
				MTL_ENABLE_DEBUG_INFO = NO;
				MTL_FAST_MATH = YES;
				SDKROOT = iphoneos;
				SWIFT_COMPILATION_MODE = wholemodule;
				SWIFT_OPTIMIZATION_LEVEL = "-O";
				VALIDATE_PRODUCT = YES;
			};
			name = Release;
		};
		3FA315BB2214F92900CC29C9 /* Debug */ = {
			isa = XCBuildConfiguration;
			buildSettings = {
				ASSETCATALOG_COMPILER_APPICON_NAME = AppIcon;
				CODE_SIGN_STYLE = Automatic;
				DEVELOPMENT_TEAM = J83DYLY5SM;
				INFOPLIST_FILE = "AppleMap/Support Files/Info.plist";
				LD_RUNPATH_SEARCH_PATHS = (
					"$(inherited)",
					"@executable_path/Frameworks",
				);
				PRODUCT_BUNDLE_IDENTIFIER = Rocoo.AppleMap;
				PRODUCT_NAME = "$(TARGET_NAME)";
				SWIFT_VERSION = 4.2;
				TARGETED_DEVICE_FAMILY = "1,2";
			};
			name = Debug;
		};
		3FA315BC2214F92900CC29C9 /* Release */ = {
			isa = XCBuildConfiguration;
			buildSettings = {
				ASSETCATALOG_COMPILER_APPICON_NAME = AppIcon;
				CODE_SIGN_STYLE = Automatic;
				DEVELOPMENT_TEAM = J83DYLY5SM;
				INFOPLIST_FILE = "AppleMap/Support Files/Info.plist";
				LD_RUNPATH_SEARCH_PATHS = (
					"$(inherited)",
					"@executable_path/Frameworks",
				);
				PRODUCT_BUNDLE_IDENTIFIER = Rocoo.AppleMap;
				PRODUCT_NAME = "$(TARGET_NAME)";
				SWIFT_VERSION = 4.2;
				TARGETED_DEVICE_FAMILY = "1,2";
			};
			name = Release;
		};
/* End XCBuildConfiguration section */

/* Begin XCConfigurationList section */
		3FA315A32214F92700CC29C9 /* Build configuration list for PBXProject "AppleMap" */ = {
			isa = XCConfigurationList;
			buildConfigurations = (
				3FA315B82214F92900CC29C9 /* Debug */,
				3FA315B92214F92900CC29C9 /* Release */,
			);
			defaultConfigurationIsVisible = 0;
			defaultConfigurationName = Release;
		};
		3FA315BA2214F92900CC29C9 /* Build configuration list for PBXNativeTarget "AppleMap" */ = {
			isa = XCConfigurationList;
			buildConfigurations = (
				3FA315BB2214F92900CC29C9 /* Debug */,
				3FA315BC2214F92900CC29C9 /* Release */,
			);
			defaultConfigurationIsVisible = 0;
			defaultConfigurationName = Release;
		};
/* End XCConfigurationList section */
	};
	rootObject = 3FA315A02214F92700CC29C9 /* Project object */;
}
