PODS:
  - iOSCoreLibrary (0.1.0)
  - SDWebImage (4.4.7):
    - SDWebImage/Core (= 4.4.7)
  - SDWebImage/Core (4.4.7)

DEPENDENCIES:
  - iOSCoreLibrary (from `/Users/rocoo/Desktop/develop/ios-core-library`)
  - SDWebImage (~> 4.0)

SPEC REPOS:
  https://github.com/CocoaPods/Specs.git:
    - SDWebImage

EXTERNAL SOURCES:
  iOSCoreLibrary:
    :path: "/Users/rocoo/Desktop/develop/ios-core-library"
    :submodules: true

SPEC CHECKSUMS:
  iOSCoreLibrary: e11fcc1a0e0b5bbe5508a13db3656bcc2c358d4f
  SDWebImage: c10d14a8883ebd89664f02a422006f66a85c0c5d

PODFILE CHECKSUM: 41b1bda3646702e17df43f8d804c9ccb8d73b715

COCOAPODS: 1.8.4
