// !$*UTF8*$!
{
	archiveVersion = 1;
	classes = {
	};
	objectVersion = 51;
	objects = {

/* Begin PBXBuildFile section */
		3F43D615240E7CD4004B6CCA /* AppDelegate.swift in Sources */ = {isa = PBXBuildFile; fileRef = 3F43D614240E7CD4004B6CCA /* AppDelegate.swift */; };
		3F43D61E240E7CD5004B6CCA /* Assets.xcassets in Resources */ = {isa = PBXBuildFile; fileRef = 3F43D61D240E7CD5004B6CCA /* Assets.xcassets */; };
		3F43D629240E7D3C004B6CCA /* FlickrStoryboard.storyboard in Resources */ = {isa = PBXBuildFile; fileRef = 3F43D628240E7D3C004B6CCA /* FlickrStoryboard.storyboard */; };
		3F43D62C240E7DFF004B6CCA /* SearchViewController.swift in Sources */ = {isa = PBXBuildFile; fileRef = 3F43D62B240E7DFF004B6CCA /* SearchViewController.swift */; };
		3FC57E9D240E8435005C8B9F /* General.swift in Sources */ = {isa = PBXBuildFile; fileRef = 3FC57E9C240E8435005C8B9F /* General.swift */; };
		3FC57EA4240E9863005C8B9F /* SearchViewModel.swift in Sources */ = {isa = PBXBuildFile; fileRef = 3FC57EA3240E9863005C8B9F /* SearchViewModel.swift */; };
		3FC57EA6240E9976005C8B9F /* Photo.swift in Sources */ = {isa = PBXBuildFile; fileRef = 3FC57EA5240E9976005C8B9F /* Photo.swift */; };
		3FC57EA9240E9BDF005C8B9F /* APIRequestList.swift in Sources */ = {isa = PBXBuildFile; fileRef = 3FC57EA8240E9BDF005C8B9F /* APIRequestList.swift */; };
		3FC57EAB240E9C74005C8B9F /* Extension.swift in Sources */ = {isa = PBXBuildFile; fileRef = 3FC57EAA240E9C74005C8B9F /* Extension.swift */; };
		3FC57EAD240E9D09005C8B9F /* PhotosRequest.swift in Sources */ = {isa = PBXBuildFile; fileRef = 3FC57EAC240E9D09005C8B9F /* PhotosRequest.swift */; };
		3FC57EB3240EA28F005C8B9F /* ResultViewModel.swift in Sources */ = {isa = PBXBuildFile; fileRef = 3FC57EB2240EA28F005C8B9F /* ResultViewModel.swift */; };
		3FC57EB5240EA2EE005C8B9F /* ResultViewController.swift in Sources */ = {isa = PBXBuildFile; fileRef = 3FC57EB4240EA2EE005C8B9F /* ResultViewController.swift */; };
		3FC57EB7240EB770005C8B9F /* PhotosCVCell.swift in Sources */ = {isa = PBXBuildFile; fileRef = 3FC57EB6240EB770005C8B9F /* PhotosCVCell.swift */; };
		E4983EB79B8E3E29A131F59B /* Pods_FlickrDemo.framework in Frameworks */ = {isa = PBXBuildFile; fileRef = 28E17D40F507F05AC3D36292 /* Pods_FlickrDemo.framework */; };
/* End PBXBuildFile section */

/* Begin PBXFileReference section */
		28E17D40F507F05AC3D36292 /* Pods_FlickrDemo.framework */ = {isa = PBXFileReference; explicitFileType = wrapper.framework; includeInIndex = 0; path = Pods_FlickrDemo.framework; sourceTree = BUILT_PRODUCTS_DIR; };
		3F43D611240E7CD3004B6CCA /* FlickrDemo.app */ = {isa = PBXFileReference; explicitFileType = wrapper.application; includeInIndex = 0; path = FlickrDemo.app; sourceTree = BUILT_PRODUCTS_DIR; };
		3F43D614240E7CD4004B6CCA /* AppDelegate.swift */ = {isa = PBXFileReference; lastKnownFileType = sourcecode.swift; path = AppDelegate.swift; sourceTree = "<group>"; };
		3F43D61D240E7CD5004B6CCA /* Assets.xcassets */ = {isa = PBXFileReference; lastKnownFileType = folder.assetcatalog; path = Assets.xcassets; sourceTree = "<group>"; };
		3F43D622240E7CD5004B6CCA /* Info.plist */ = {isa = PBXFileReference; lastKnownFileType = text.plist.xml; path = Info.plist; sourceTree = "<group>"; };
		3F43D628240E7D3C004B6CCA /* FlickrStoryboard.storyboard */ = {isa = PBXFileReference; lastKnownFileType = file.storyboard; path = FlickrStoryboard.storyboard; sourceTree = "<group>"; };
		3F43D62B240E7DFF004B6CCA /* SearchViewController.swift */ = {isa = PBXFileReference; lastKnownFileType = sourcecode.swift; path = SearchViewController.swift; sourceTree = "<group>"; };
		3FC57E9C240E8435005C8B9F /* General.swift */ = {isa = PBXFileReference; lastKnownFileType = sourcecode.swift; path = General.swift; sourceTree = "<group>"; };
		3FC57EA3240E9863005C8B9F /* SearchViewModel.swift */ = {isa = PBXFileReference; lastKnownFileType = sourcecode.swift; path = SearchViewModel.swift; sourceTree = "<group>"; };
		3FC57EA5240E9976005C8B9F /* Photo.swift */ = {isa = PBXFileReference; lastKnownFileType = sourcecode.swift; path = Photo.swift; sourceTree = "<group>"; };
		3FC57EA8240E9BDF005C8B9F /* APIRequestList.swift */ = {isa = PBXFileReference; lastKnownFileType = sourcecode.swift; path = APIRequestList.swift; sourceTree = "<group>"; };
		3FC57EAA240E9C74005C8B9F /* Extension.swift */ = {isa = PBXFileReference; lastKnownFileType = sourcecode.swift; path = Extension.swift; sourceTree = "<group>"; };
		3FC57EAC240E9D09005C8B9F /* PhotosRequest.swift */ = {isa = PBXFileReference; lastKnownFileType = sourcecode.swift; path = PhotosRequest.swift; sourceTree = "<group>"; };
		3FC57EB2240EA28F005C8B9F /* ResultViewModel.swift */ = {isa = PBXFileReference; lastKnownFileType = sourcecode.swift; path = ResultViewModel.swift; sourceTree = "<group>"; };
		3FC57EB4240EA2EE005C8B9F /* ResultViewController.swift */ = {isa = PBXFileReference; lastKnownFileType = sourcecode.swift; path = ResultViewController.swift; sourceTree = "<group>"; };
		3FC57EB6240EB770005C8B9F /* PhotosCVCell.swift */ = {isa = PBXFileReference; lastKnownFileType = sourcecode.swift; path = PhotosCVCell.swift; sourceTree = "<group>"; };
		46882FAB9B6C579062EC7607 /* Pods-FlickrDemo.release.xcconfig */ = {isa = PBXFileReference; includeInIndex = 1; lastKnownFileType = text.xcconfig; name = "Pods-FlickrDemo.release.xcconfig"; path = "Target Support Files/Pods-FlickrDemo/Pods-FlickrDemo.release.xcconfig"; sourceTree = "<group>"; };
		AA4FB1C18D4A037FDF4E8C51 /* Pods-FlickrDemo.debug.xcconfig */ = {isa = PBXFileReference; includeInIndex = 1; lastKnownFileType = text.xcconfig; name = "Pods-FlickrDemo.debug.xcconfig"; path = "Target Support Files/Pods-FlickrDemo/Pods-FlickrDemo.debug.xcconfig"; sourceTree = "<group>"; };
/* End PBXFileReference section */

/* Begin PBXFrameworksBuildPhase section */
		3F43D60E240E7CD3004B6CCA /* Frameworks */ = {
			isa = PBXFrameworksBuildPhase;
			buildActionMask = 2147483647;
			files = (
				E4983EB79B8E3E29A131F59B /* Pods_FlickrDemo.framework in Frameworks */,
			);
			runOnlyForDeploymentPostprocessing = 0;
		};
/* End PBXFrameworksBuildPhase section */

/* Begin PBXGroup section */
		0789FA4F414CE1CC10A5C253 /* Pods */ = {
			isa = PBXGroup;
			children = (
				AA4FB1C18D4A037FDF4E8C51 /* Pods-FlickrDemo.debug.xcconfig */,
				46882FAB9B6C579062EC7607 /* Pods-FlickrDemo.release.xcconfig */,
			);
			path = Pods;
			sourceTree = "<group>";
		};
		3F43D608240E7CD3004B6CCA = {
			isa = PBXGroup;
			children = (
				3F43D613240E7CD3004B6CCA /* FlickrDemo */,
				3F43D612240E7CD3004B6CCA /* Products */,
				0789FA4F414CE1CC10A5C253 /* Pods */,
				6DFF99E9C4C6C10ED45DA013 /* Frameworks */,
			);
			sourceTree = "<group>";
		};
		3F43D612240E7CD3004B6CCA /* Products */ = {
			isa = PBXGroup;
			children = (
				3F43D611240E7CD3004B6CCA /* FlickrDemo.app */,
			);
			name = Products;
			sourceTree = "<group>";
		};
		3F43D613240E7CD3004B6CCA /* FlickrDemo */ = {
			isa = PBXGroup;
			children = (
				3FC57EAE240EA258005C8B9F /* Result */,
				3FC57EA0240E9824005C8B9F /* Search */,
				3FC57EA7240E9BD2005C8B9F /* API */,
				3F43D62A240E7D45004B6CCA /* SupportFiles */,
			);
			path = FlickrDemo;
			sourceTree = "<group>";
		};
		3F43D62A240E7D45004B6CCA /* SupportFiles */ = {
			isa = PBXGroup;
			children = (
				3F43D614240E7CD4004B6CCA /* AppDelegate.swift */,
				3F43D61D240E7CD5004B6CCA /* Assets.xcassets */,
				3F43D622240E7CD5004B6CCA /* Info.plist */,
				3FC57E9C240E8435005C8B9F /* General.swift */,
				3FC57EAA240E9C74005C8B9F /* Extension.swift */,
			);
			path = SupportFiles;
			sourceTree = "<group>";
		};
		3FC57E9E240E9808005C8B9F /* View */ = {
			isa = PBXGroup;
			children = (
				3F43D628240E7D3C004B6CCA /* FlickrStoryboard.storyboard */,
				3F43D62B240E7DFF004B6CCA /* SearchViewController.swift */,
			);
			path = View;
			sourceTree = "<group>";
		};
		3FC57EA0240E9824005C8B9F /* Search */ = {
			isa = PBXGroup;
			children = (
				3FC57EA1240E982C005C8B9F /* Model */,
				3FC57E9E240E9808005C8B9F /* View */,
				3FC57EA2240E9831005C8B9F /* ViewModel */,
			);
			path = Search;
			sourceTree = "<group>";
		};
		3FC57EA1240E982C005C8B9F /* Model */ = {
			isa = PBXGroup;
			children = (
				3FC57EA5240E9976005C8B9F /* Photo.swift */,
			);
			path = Model;
			sourceTree = "<group>";
		};
		3FC57EA2240E9831005C8B9F /* ViewModel */ = {
			isa = PBXGroup;
			children = (
				3FC57EA3240E9863005C8B9F /* SearchViewModel.swift */,
			);
			path = ViewModel;
			sourceTree = "<group>";
		};
		3FC57EA7240E9BD2005C8B9F /* API */ = {
			isa = PBXGroup;
			children = (
				3FC57EA8240E9BDF005C8B9F /* APIRequestList.swift */,
				3FC57EAC240E9D09005C8B9F /* PhotosRequest.swift */,
			);
			path = API;
			sourceTree = "<group>";
		};
		3FC57EAE240EA258005C8B9F /* Result */ = {
			isa = PBXGroup;
			children = (
				3FC57EB0240EA26A005C8B9F /* Model */,
				3FC57EAF240EA265005C8B9F /* View */,
				3FC57EB1240EA270005C8B9F /* ViewModel */,
			);
			path = Result;
			sourceTree = "<group>";
		};
		3FC57EAF240EA265005C8B9F /* View */ = {
			isa = PBXGroup;
			children = (
				3FC57EB4240EA2EE005C8B9F /* ResultViewController.swift */,
				3FC57EB6240EB770005C8B9F /* PhotosCVCell.swift */,
			);
			path = View;
			sourceTree = "<group>";
		};
		3FC57EB0240EA26A005C8B9F /* Model */ = {
			isa = PBXGroup;
			children = (
			);
			path = Model;
			sourceTree = "<group>";
		};
		3FC57EB1240EA270005C8B9F /* ViewModel */ = {
			isa = PBXGroup;
			children = (
				3FC57EB2240EA28F005C8B9F /* ResultViewModel.swift */,
			);
			path = ViewModel;
			sourceTree = "<group>";
		};
		6DFF99E9C4C6C10ED45DA013 /* Frameworks */ = {
			isa = PBXGroup;
			children = (
				28E17D40F507F05AC3D36292 /* Pods_FlickrDemo.framework */,
			);
			name = Frameworks;
			sourceTree = "<group>";
		};
/* End PBXGroup section */

/* Begin PBXNativeTarget section */
		3F43D610240E7CD3004B6CCA /* FlickrDemo */ = {
			isa = PBXNativeTarget;
			buildConfigurationList = 3F43D625240E7CD5004B6CCA /* Build configuration list for PBXNativeTarget "FlickrDemo" */;
			buildPhases = (
				A1D24CF8F0D98951D719389C /* [CP] Check Pods Manifest.lock */,
				3F43D60D240E7CD3004B6CCA /* Sources */,
				3F43D60E240E7CD3004B6CCA /* Frameworks */,
				3F43D60F240E7CD3004B6CCA /* Resources */,
				8BB684C2B5EB73A15DCB0E61 /* [CP] Copy Pods Resources */,
				376D33D0B0F22522F808FE75 /* [CP] Embed Pods Frameworks */,
			);
			buildRules = (
			);
			dependencies = (
			);
			name = FlickrDemo;
			productName = FlickrDemo;
			productReference = 3F43D611240E7CD3004B6CCA /* FlickrDemo.app */;
			productType = "com.apple.product-type.application";
		};
/* End PBXNativeTarget section */

/* Begin PBXProject section */
		3F43D609240E7CD3004B6CCA /* Project object */ = {
			isa = PBXProject;
			attributes = {
				LastSwiftUpdateCheck = 1100;
				LastUpgradeCheck = 1100;
				ORGANIZATIONNAME = rocoo;
				TargetAttributes = {
					3F43D610240E7CD3004B6CCA = {
						CreatedOnToolsVersion = 11.0;
					};
				};
			};
			buildConfigurationList = 3F43D60C240E7CD3004B6CCA /* Build configuration list for PBXProject "FlickrDemo" */;
			compatibilityVersion = "Xcode 9.3";
			developmentRegion = en;
			hasScannedForEncodings = 0;
			knownRegions = (
				en,
				Base,
			);
			mainGroup = 3F43D608240E7CD3004B6CCA;
			productRefGroup = 3F43D612240E7CD3004B6CCA /* Products */;
			projectDirPath = "";
			projectRoot = "";
			targets = (
				3F43D610240E7CD3004B6CCA /* FlickrDemo */,
			);
		};
/* End PBXProject section */

/* Begin PBXResourcesBuildPhase section */
		3F43D60F240E7CD3004B6CCA /* Resources */ = {
			isa = PBXResourcesBuildPhase;
			buildActionMask = 2147483647;
			files = (
				3F43D629240E7D3C004B6CCA /* FlickrStoryboard.storyboard in Resources */,
				3F43D61E240E7CD5004B6CCA /* Assets.xcassets in Resources */,
			);
			runOnlyForDeploymentPostprocessing = 0;
		};
/* End PBXResourcesBuildPhase section */

/* Begin PBXShellScriptBuildPhase section */
		376D33D0B0F22522F808FE75 /* [CP] Embed Pods Frameworks */ = {
			isa = PBXShellScriptBuildPhase;
			buildActionMask = 2147483647;
			files = (
			);
			inputFileListPaths = (
				"${PODS_ROOT}/Target Support Files/Pods-FlickrDemo/Pods-FlickrDemo-frameworks-${CONFIGURATION}-input-files.xcfilelist",
			);
			name = "[CP] Embed Pods Frameworks";
			outputFileListPaths = (
				"${PODS_ROOT}/Target Support Files/Pods-FlickrDemo/Pods-FlickrDemo-frameworks-${CONFIGURATION}-output-files.xcfilelist",
			);
			runOnlyForDeploymentPostprocessing = 0;
			shellPath = /bin/sh;
			shellScript = "\"${PODS_ROOT}/Target Support Files/Pods-FlickrDemo/Pods-FlickrDemo-frameworks.sh\"\n";
			showEnvVarsInLog = 0;
		};
		8BB684C2B5EB73A15DCB0E61 /* [CP] Copy Pods Resources */ = {
			isa = PBXShellScriptBuildPhase;
			buildActionMask = 2147483647;
			files = (
			);
			inputFileListPaths = (
				"${PODS_ROOT}/Target Support Files/Pods-FlickrDemo/Pods-FlickrDemo-resources-${CONFIGURATION}-input-files.xcfilelist",
			);
			name = "[CP] Copy Pods Resources";
			outputFileListPaths = (
				"${PODS_ROOT}/Target Support Files/Pods-FlickrDemo/Pods-FlickrDemo-resources-${CONFIGURATION}-output-files.xcfilelist",
			);
			runOnlyForDeploymentPostprocessing = 0;
			shellPath = /bin/sh;
			shellScript = "\"${PODS_ROOT}/Target Support Files/Pods-FlickrDemo/Pods-FlickrDemo-resources.sh\"\n";
			showEnvVarsInLog = 0;
		};
		A1D24CF8F0D98951D719389C /* [CP] Check Pods Manifest.lock */ = {
			isa = PBXShellScriptBuildPhase;
			buildActionMask = 2147483647;
			files = (
			);
			inputFileListPaths = (
			);
			inputPaths = (
				"${PODS_PODFILE_DIR_PATH}/Podfile.lock",
				"${PODS_ROOT}/Manifest.lock",
			);
			name = "[CP] Check Pods Manifest.lock";
			outputFileListPaths = (
			);
			outputPaths = (
				"$(DERIVED_FILE_DIR)/Pods-FlickrDemo-checkManifestLockResult.txt",
			);
			runOnlyForDeploymentPostprocessing = 0;
			shellPath = /bin/sh;
			shellScript = "diff \"${PODS_PODFILE_DIR_PATH}/Podfile.lock\" \"${PODS_ROOT}/Manifest.lock\" > /dev/null\nif [ $? != 0 ] ; then\n    # print error to STDERR\n    echo \"error: The sandbox is not in sync with the Podfile.lock. Run 'pod install' or update your CocoaPods installation.\" >&2\n    exit 1\nfi\n# This output is used by Xcode 'outputs' to avoid re-running this script phase.\necho \"SUCCESS\" > \"${SCRIPT_OUTPUT_FILE_0}\"\n";
			showEnvVarsInLog = 0;
		};
/* End PBXShellScriptBuildPhase section */

/* Begin PBXSourcesBuildPhase section */
		3F43D60D240E7CD3004B6CCA /* Sources */ = {
			isa = PBXSourcesBuildPhase;
			buildActionMask = 2147483647;
			files = (
				3FC57EA9240E9BDF005C8B9F /* APIRequestList.swift in Sources */,
				3FC57EB3240EA28F005C8B9F /* ResultViewModel.swift in Sources */,
				3FC57E9D240E8435005C8B9F /* General.swift in Sources */,
				3FC57EAB240E9C74005C8B9F /* Extension.swift in Sources */,
				3FC57EB7240EB770005C8B9F /* PhotosCVCell.swift in Sources */,
				3FC57EA6240E9976005C8B9F /* Photo.swift in Sources */,
				3FC57EB5240EA2EE005C8B9F /* ResultViewController.swift in Sources */,
				3FC57EAD240E9D09005C8B9F /* PhotosRequest.swift in Sources */,
				3F43D62C240E7DFF004B6CCA /* SearchViewController.swift in Sources */,
				3FC57EA4240E9863005C8B9F /* SearchViewModel.swift in Sources */,
				3F43D615240E7CD4004B6CCA /* AppDelegate.swift in Sources */,
			);
			runOnlyForDeploymentPostprocessing = 0;
		};
/* End PBXSourcesBuildPhase section */

/* Begin XCBuildConfiguration section */
		3F43D623240E7CD5004B6CCA /* Debug */ = {
			isa = XCBuildConfiguration;
			buildSettings = {
				ALWAYS_SEARCH_USER_PATHS = NO;
				CLANG_ANALYZER_NONNULL = YES;
				CLANG_ANALYZER_NUMBER_OBJECT_CONVERSION = YES_AGGRESSIVE;
				CLANG_CXX_LANGUAGE_STANDARD = "gnu++14";
				CLANG_CXX_LIBRARY = "libc++";
				CLANG_ENABLE_MODULES = YES;
				CLANG_ENABLE_OBJC_ARC = YES;
				CLANG_ENABLE_OBJC_WEAK = YES;
				CLANG_WARN_BLOCK_CAPTURE_AUTORELEASING = YES;
				CLANG_WARN_BOOL_CONVERSION = YES;
				CLANG_WARN_COMMA = YES;
				CLANG_WARN_CONSTANT_CONVERSION = YES;
				CLANG_WARN_DEPRECATED_OBJC_IMPLEMENTATIONS = YES;
				CLANG_WARN_DIRECT_OBJC_ISA_USAGE = YES_ERROR;
				CLANG_WARN_DOCUMENTATION_COMMENTS = YES;
				CLANG_WARN_EMPTY_BODY = YES;
				CLANG_WARN_ENUM_CONVERSION = YES;
				CLANG_WARN_INFINITE_RECURSION = YES;
				CLANG_WARN_INT_CONVERSION = YES;
				CLANG_WARN_NON_LITERAL_NULL_CONVERSION = YES;
				CLANG_WARN_OBJC_IMPLICIT_RETAIN_SELF = YES;
				CLANG_WARN_OBJC_LITERAL_CONVERSION = YES;
				CLANG_WARN_OBJC_ROOT_CLASS = YES_ERROR;
				CLANG_WARN_RANGE_LOOP_ANALYSIS = YES;
				CLANG_WARN_STRICT_PROTOTYPES = YES;
				CLANG_WARN_SUSPICIOUS_MOVE = YES;
				CLANG_WARN_UNGUARDED_AVAILABILITY = YES_AGGRESSIVE;
				CLANG_WARN_UNREACHABLE_CODE = YES;
				CLANG_WARN__DUPLICATE_METHOD_MATCH = YES;
				COPY_PHASE_STRIP = NO;
				DEBUG_INFORMATION_FORMAT = dwarf;
				ENABLE_STRICT_OBJC_MSGSEND = YES;
				ENABLE_TESTABILITY = YES;
				GCC_C_LANGUAGE_STANDARD = gnu11;
				GCC_DYNAMIC_NO_PIC = NO;
				GCC_NO_COMMON_BLOCKS = YES;
				GCC_OPTIMIZATION_LEVEL = 0;
				GCC_PREPROCESSOR_DEFINITIONS = (
					"DEBUG=1",
					"$(inherited)",
				);
				GCC_WARN_64_TO_32_BIT_CONVERSION = YES;
				GCC_WARN_ABOUT_RETURN_TYPE = YES_ERROR;
				GCC_WARN_UNDECLARED_SELECTOR = YES;
				GCC_WARN_UNINITIALIZED_AUTOS = YES_AGGRESSIVE;
				GCC_WARN_UNUSED_FUNCTION = YES;
				GCC_WARN_UNUSED_VARIABLE = YES;
				IPHONEOS_DEPLOYMENT_TARGET = 10.0;
				MTL_ENABLE_DEBUG_INFO = INCLUDE_SOURCE;
				MTL_FAST_MATH = YES;
				ONLY_ACTIVE_ARCH = YES;
				SDKROOT = iphoneos;
				SWIFT_ACTIVE_COMPILATION_CONDITIONS = DEBUG;
				SWIFT_OPTIMIZATION_LEVEL = "-Onone";
			};
			name = Debug;
		};
		3F43D624240E7CD5004B6CCA /* Release */ = {
			isa = XCBuildConfiguration;
			buildSettings = {
				ALWAYS_SEARCH_USER_PATHS = NO;
				CLANG_ANALYZER_NONNULL = YES;
				CLANG_ANALYZER_NUMBER_OBJECT_CONVERSION = YES_AGGRESSIVE;
				CLANG_CXX_LANGUAGE_STANDARD = "gnu++14";
				CLANG_CXX_LIBRARY = "libc++";
				CLANG_ENABLE_MODULES = YES;
				CLANG_ENABLE_OBJC_ARC = YES;
				CLANG_ENABLE_OBJC_WEAK = YES;
				CLANG_WARN_BLOCK_CAPTURE_AUTORELEASING = YES;
				CLANG_WARN_BOOL_CONVERSION = YES;
				CLANG_WARN_COMMA = YES;
				CLANG_WARN_CONSTANT_CONVERSION = YES;
				CLANG_WARN_DEPRECATED_OBJC_IMPLEMENTATIONS = YES;
				CLANG_WARN_DIRECT_OBJC_ISA_USAGE = YES_ERROR;
				CLANG_WARN_DOCUMENTATION_COMMENTS = YES;
				CLANG_WARN_EMPTY_BODY = YES;
				CLANG_WARN_ENUM_CONVERSION = YES;
				CLANG_WARN_INFINITE_RECURSION = YES;
				CLANG_WARN_INT_CONVERSION = YES;
				CLANG_WARN_NON_LITERAL_NULL_CONVERSION = YES;
				CLANG_WARN_OBJC_IMPLICIT_RETAIN_SELF = YES;
				CLANG_WARN_OBJC_LITERAL_CONVERSION = YES;
				CLANG_WARN_OBJC_ROOT_CLASS = YES_ERROR;
				CLANG_WARN_RANGE_LOOP_ANALYSIS = YES;
				CLANG_WARN_STRICT_PROTOTYPES = YES;
				CLANG_WARN_SUSPICIOUS_MOVE = YES;
				CLANG_WARN_UNGUARDED_AVAILABILITY = YES_AGGRESSIVE;
				CLANG_WARN_UNREACHABLE_CODE = YES;
				CLANG_WARN__DUPLICATE_METHOD_MATCH = YES;
				COPY_PHASE_STRIP = NO;
				DEBUG_INFORMATION_FORMAT = "dwarf-with-dsym";
				ENABLE_NS_ASSERTIONS = NO;
				ENABLE_STRICT_OBJC_MSGSEND = YES;
				GCC_C_LANGUAGE_STANDARD = gnu11;
				GCC_NO_COMMON_BLOCKS = YES;
				GCC_WARN_64_TO_32_BIT_CONVERSION = YES;
				GCC_WARN_ABOUT_RETURN_TYPE = YES_ERROR;
				GCC_WARN_UNDECLARED_SELECTOR = YES;
				GCC_WARN_UNINITIALIZED_AUTOS = YES_AGGRESSIVE;
				GCC_WARN_UNUSED_FUNCTION = YES;
				GCC_WARN_UNUSED_VARIABLE = YES;
				IPHONEOS_DEPLOYMENT_TARGET = 10.0;
				MTL_ENABLE_DEBUG_INFO = NO;
				MTL_FAST_MATH = YES;
				SDKROOT = iphoneos;
				SWIFT_COMPILATION_MODE = wholemodule;
				SWIFT_OPTIMIZATION_LEVEL = "-O";
				VALIDATE_PRODUCT = YES;
			};
			name = Release;
		};
		3F43D626240E7CD5004B6CCA /* Debug */ = {
			isa = XCBuildConfiguration;
			baseConfigurationReference = AA4FB1C18D4A037FDF4E8C51 /* Pods-FlickrDemo.debug.xcconfig */;
			buildSettings = {
				ASSETCATALOG_COMPILER_APPICON_NAME = AppIcon;
				CODE_SIGN_STYLE = Automatic;
				DEVELOPMENT_TEAM = J83DYLY5SM;
				INFOPLIST_FILE = FlickrDemo/SupportFiles/Info.plist;
				IPHONEOS_DEPLOYMENT_TARGET = 10.0;
				LD_RUNPATH_SEARCH_PATHS = (
					"$(inherited)",
					"@executable_path/Frameworks",
				);
				PRODUCT_BUNDLE_IDENTIFIER = rocoo.FlickrDemo;
				PRODUCT_NAME = "$(TARGET_NAME)";
				SWIFT_VERSION = 5.0;
				TARGETED_DEVICE_FAMILY = "1,2";
			};
			name = Debug;
		};
		3F43D627240E7CD5004B6CCA /* Release */ = {
			isa = XCBuildConfiguration;
			baseConfigurationReference = 46882FAB9B6C579062EC7607 /* Pods-FlickrDemo.release.xcconfig */;
			buildSettings = {
				ASSETCATALOG_COMPILER_APPICON_NAME = AppIcon;
				CODE_SIGN_STYLE = Automatic;
				DEVELOPMENT_TEAM = J83DYLY5SM;
				INFOPLIST_FILE = FlickrDemo/SupportFiles/Info.plist;
				IPHONEOS_DEPLOYMENT_TARGET = 10.0;
				LD_RUNPATH_SEARCH_PATHS = (
					"$(inherited)",
					"@executable_path/Frameworks",
				);
				PRODUCT_BUNDLE_IDENTIFIER = rocoo.FlickrDemo;
				PRODUCT_NAME = "$(TARGET_NAME)";
				SWIFT_VERSION = 5.0;
				TARGETED_DEVICE_FAMILY = "1,2";
			};
			name = Release;
		};
/* End XCBuildConfiguration section */

/* Begin XCConfigurationList section */
		3F43D60C240E7CD3004B6CCA /* Build configuration list for PBXProject "FlickrDemo" */ = {
			isa = XCConfigurationList;
			buildConfigurations = (
				3F43D623240E7CD5004B6CCA /* Debug */,
				3F43D624240E7CD5004B6CCA /* Release */,
			);
			defaultConfigurationIsVisible = 0;
			defaultConfigurationName = Release;
		};
		3F43D625240E7CD5004B6CCA /* Build configuration list for PBXNativeTarget "FlickrDemo" */ = {
			isa = XCConfigurationList;
			buildConfigurations = (
				3F43D626240E7CD5004B6CCA /* Debug */,
				3F43D627240E7CD5004B6CCA /* Release */,
			);
			defaultConfigurationIsVisible = 0;
			defaultConfigurationName = Release;
		};
/* End XCConfigurationList section */
	};
	rootObject = 3F43D609240E7CD3004B6CCA /* Project object */;
}
