// !$*UTF8*$!
{
	archiveVersion = 1;
	classes = {
	};
	objectVersion = 46;
	objects = {

/* Begin PBXBuildFile section */
		F4C8148A1A1D8EEE0004C3A9 /* AppDelegate.swift in Sources */ = {isa = PBXBuildFile; fileRef = F4C814891A1D8EEE0004C3A9 /* AppDelegate.swift */; };
		F4C8148F1A1D8EEE0004C3A9 /* Main.storyboard in Resources */ = {isa = PBXBuildFile; fileRef = F4C8148D1A1D8EEE0004C3A9 /* Main.storyboard */; };
		F4C814911A1D8EEE0004C3A9 /* Images.xcassets in Resources */ = {isa = PBXBuildFile; fileRef = F4C814901A1D8EEE0004C3A9 /* Images.xcassets */; };
		F4C814941A1D8EEE0004C3A9 /* LaunchScreen.xib in Resources */ = {isa = PBXBuildFile; fileRef = F4C814921A1D8EEE0004C3A9 /* LaunchScreen.xib */; };
		F4C814A01A1D8EEE0004C3A9 /* KivaLoanTests.swift in Sources */ = {isa = PBXBuildFile; fileRef = F4C8149F1A1D8EEE0004C3A9 /* KivaLoanTests.swift */; };
		F4C814AA1A1D91760004C3A9 /* KivaLoanTableViewController.swift in Sources */ = {isa = PBXBuildFile; fileRef = F4C814A91A1D91760004C3A9 /* KivaLoanTableViewController.swift */; };
		F4C814AC1A1D919E0004C3A9 /* KivaLoanTableViewCell.swift in Sources */ = {isa = PBXBuildFile; fileRef = F4C814AB1A1D919E0004C3A9 /* KivaLoanTableViewCell.swift */; };
/* End PBXBuildFile section */

/* Begin PBXContainerItemProxy section */
		F4C8149A1A1D8EEE0004C3A9 /* PBXContainerItemProxy */ = {
			isa = PBXContainerItemProxy;
			containerPortal = F4C8147C1A1D8EEE0004C3A9 /* Project object */;
			proxyType = 1;
			remoteGlobalIDString = F4C814831A1D8EEE0004C3A9;
			remoteInfo = KivaLoan;
		};
/* End PBXContainerItemProxy section */

/* Begin PBXFileReference section */
		F4C814841A1D8EEE0004C3A9 /* KivaLoan.app */ = {isa = PBXFileReference; explicitFileType = wrapper.application; includeInIndex = 0; path = KivaLoan.app; sourceTree = BUILT_PRODUCTS_DIR; };
		F4C814881A1D8EEE0004C3A9 /* Info.plist */ = {isa = PBXFileReference; lastKnownFileType = text.plist.xml; path = Info.plist; sourceTree = "<group>"; };
		F4C814891A1D8EEE0004C3A9 /* AppDelegate.swift */ = {isa = PBXFileReference; lastKnownFileType = sourcecode.swift; path = AppDelegate.swift; sourceTree = "<group>"; };
		F4C8148E1A1D8EEE0004C3A9 /* Base */ = {isa = PBXFileReference; lastKnownFileType = file.storyboard; name = Base; path = Base.lproj/Main.storyboard; sourceTree = "<group>"; };
		F4C814901A1D8EEE0004C3A9 /* Images.xcassets */ = {isa = PBXFileReference; lastKnownFileType = folder.assetcatalog; path = Images.xcassets; sourceTree = "<group>"; };
		F4C814931A1D8EEE0004C3A9 /* Base */ = {isa = PBXFileReference; lastKnownFileType = file.xib; name = Base; path = Base.lproj/LaunchScreen.xib; sourceTree = "<group>"; };
		F4C814991A1D8EEE0004C3A9 /* KivaLoanTests.xctest */ = {isa = PBXFileReference; explicitFileType = wrapper.cfbundle; includeInIndex = 0; path = KivaLoanTests.xctest; sourceTree = BUILT_PRODUCTS_DIR; };
		F4C8149E1A1D8EEE0004C3A9 /* Info.plist */ = {isa = PBXFileReference; lastKnownFileType = text.plist.xml; path = Info.plist; sourceTree = "<group>"; };
		F4C8149F1A1D8EEE0004C3A9 /* KivaLoanTests.swift */ = {isa = PBXFileReference; lastKnownFileType = sourcecode.swift; path = KivaLoanTests.swift; sourceTree = "<group>"; };
		F4C814A91A1D91760004C3A9 /* KivaLoanTableViewController.swift */ = {isa = PBXFileReference; fileEncoding = 4; lastKnownFileType = sourcecode.swift; path = KivaLoanTableViewController.swift; sourceTree = "<group>"; };
		F4C814AB1A1D919E0004C3A9 /* KivaLoanTableViewCell.swift */ = {isa = PBXFileReference; fileEncoding = 4; lastKnownFileType = sourcecode.swift; path = KivaLoanTableViewCell.swift; sourceTree = "<group>"; };
/* End PBXFileReference section */

/* Begin PBXFrameworksBuildPhase section */
		F4C814811A1D8EEE0004C3A9 /* Frameworks */ = {
			isa = PBXFrameworksBuildPhase;
			buildActionMask = 2147483647;
			files = (
			);
			runOnlyForDeploymentPostprocessing = 0;
		};
		F4C814961A1D8EEE0004C3A9 /* Frameworks */ = {
			isa = PBXFrameworksBuildPhase;
			buildActionMask = 2147483647;
			files = (
			);
			runOnlyForDeploymentPostprocessing = 0;
		};
/* End PBXFrameworksBuildPhase section */

/* Begin PBXGroup section */
		F4C8147B1A1D8EEE0004C3A9 = {
			isa = PBXGroup;
			children = (
				F4C814861A1D8EEE0004C3A9 /* KivaLoan */,
				F4C8149C1A1D8EEE0004C3A9 /* KivaLoanTests */,
				F4C814851A1D8EEE0004C3A9 /* Products */,
			);
			sourceTree = "<group>";
		};
		F4C814851A1D8EEE0004C3A9 /* Products */ = {
			isa = PBXGroup;
			children = (
				F4C814841A1D8EEE0004C3A9 /* KivaLoan.app */,
				F4C814991A1D8EEE0004C3A9 /* KivaLoanTests.xctest */,
			);
			name = Products;
			sourceTree = "<group>";
		};
		F4C814861A1D8EEE0004C3A9 /* KivaLoan */ = {
			isa = PBXGroup;
			children = (
				F4C814891A1D8EEE0004C3A9 /* AppDelegate.swift */,
				F4C8148D1A1D8EEE0004C3A9 /* Main.storyboard */,
				F4C814901A1D8EEE0004C3A9 /* Images.xcassets */,
				F4C814921A1D8EEE0004C3A9 /* LaunchScreen.xib */,
				F4C814871A1D8EEE0004C3A9 /* Supporting Files */,
				F4C814A91A1D91760004C3A9 /* KivaLoanTableViewController.swift */,
				F4C814AB1A1D919E0004C3A9 /* KivaLoanTableViewCell.swift */,
			);
			path = KivaLoan;
			sourceTree = "<group>";
		};
		F4C814871A1D8EEE0004C3A9 /* Supporting Files */ = {
			isa = PBXGroup;
			children = (
				F4C814881A1D8EEE0004C3A9 /* Info.plist */,
			);
			name = "Supporting Files";
			sourceTree = "<group>";
		};
		F4C8149C1A1D8EEE0004C3A9 /* KivaLoanTests */ = {
			isa = PBXGroup;
			children = (
				F4C8149F1A1D8EEE0004C3A9 /* KivaLoanTests.swift */,
				F4C8149D1A1D8EEE0004C3A9 /* Supporting Files */,
			);
			path = KivaLoanTests;
			sourceTree = "<group>";
		};
		F4C8149D1A1D8EEE0004C3A9 /* Supporting Files */ = {
			isa = PBXGroup;
			children = (
				F4C8149E1A1D8EEE0004C3A9 /* Info.plist */,
			);
			name = "Supporting Files";
			sourceTree = "<group>";
		};
/* End PBXGroup section */

/* Begin PBXNativeTarget section */
		F4C814831A1D8EEE0004C3A9 /* KivaLoan */ = {
			isa = PBXNativeTarget;
			buildConfigurationList = F4C814A31A1D8EEE0004C3A9 /* Build configuration list for PBXNativeTarget "KivaLoan" */;
			buildPhases = (
				F4C814801A1D8EEE0004C3A9 /* Sources */,
				F4C814811A1D8EEE0004C3A9 /* Frameworks */,
				F4C814821A1D8EEE0004C3A9 /* Resources */,
			);
			buildRules = (
			);
			dependencies = (
			);
			name = KivaLoan;
			productName = KivaLoan;
			productReference = F4C814841A1D8EEE0004C3A9 /* KivaLoan.app */;
			productType = "com.apple.product-type.application";
		};
		F4C814981A1D8EEE0004C3A9 /* KivaLoanTests */ = {
			isa = PBXNativeTarget;
			buildConfigurationList = F4C814A61A1D8EEE0004C3A9 /* Build configuration list for PBXNativeTarget "KivaLoanTests" */;
			buildPhases = (
				F4C814951A1D8EEE0004C3A9 /* Sources */,
				F4C814961A1D8EEE0004C3A9 /* Frameworks */,
				F4C814971A1D8EEE0004C3A9 /* Resources */,
			);
			buildRules = (
			);
			dependencies = (
				F4C8149B1A1D8EEE0004C3A9 /* PBXTargetDependency */,
			);
			name = KivaLoanTests;
			productName = KivaLoanTests;
			productReference = F4C814991A1D8EEE0004C3A9 /* KivaLoanTests.xctest */;
			productType = "com.apple.product-type.bundle.unit-test";
		};
/* End PBXNativeTarget section */

/* Begin PBXProject section */
		F4C8147C1A1D8EEE0004C3A9 /* Project object */ = {
			isa = PBXProject;
			attributes = {
				LastSwiftUpdateCheck = 0700;
				LastUpgradeCheck = 0700;
				ORGANIZATIONNAME = AppCoda;
				TargetAttributes = {
					F4C814831A1D8EEE0004C3A9 = {
						CreatedOnToolsVersion = 6.1;
					};
					F4C814981A1D8EEE0004C3A9 = {
						CreatedOnToolsVersion = 6.1;
						TestTargetID = F4C814831A1D8EEE0004C3A9;
					};
				};
			};
			buildConfigurationList = F4C8147F1A1D8EEE0004C3A9 /* Build configuration list for PBXProject "KivaLoan" */;
			compatibilityVersion = "Xcode 3.2";
			developmentRegion = English;
			hasScannedForEncodings = 0;
			knownRegions = (
				en,
				Base,
			);
			mainGroup = F4C8147B1A1D8EEE0004C3A9;
			productRefGroup = F4C814851A1D8EEE0004C3A9 /* Products */;
			projectDirPath = "";
			projectRoot = "";
			targets = (
				F4C814831A1D8EEE0004C3A9 /* KivaLoan */,
				F4C814981A1D8EEE0004C3A9 /* KivaLoanTests */,
			);
		};
/* End PBXProject section */

/* Begin PBXResourcesBuildPhase section */
		F4C814821A1D8EEE0004C3A9 /* Resources */ = {
			isa = PBXResourcesBuildPhase;
			buildActionMask = 2147483647;
			files = (
				F4C8148F1A1D8EEE0004C3A9 /* Main.storyboard in Resources */,
				F4C814941A1D8EEE0004C3A9 /* LaunchScreen.xib in Resources */,
				F4C814911A1D8EEE0004C3A9 /* Images.xcassets in Resources */,
			);
			runOnlyForDeploymentPostprocessing = 0;
		};
		F4C814971A1D8EEE0004C3A9 /* Resources */ = {
			isa = PBXResourcesBuildPhase;
			buildActionMask = 2147483647;
			files = (
			);
			runOnlyForDeploymentPostprocessing = 0;
		};
/* End PBXResourcesBuildPhase section */

/* Begin PBXSourcesBuildPhase section */
		F4C814801A1D8EEE0004C3A9 /* Sources */ = {
			isa = PBXSourcesBuildPhase;
			buildActionMask = 2147483647;
			files = (
				F4C814AC1A1D919E0004C3A9 /* KivaLoanTableViewCell.swift in Sources */,
				F4C814AA1A1D91760004C3A9 /* KivaLoanTableViewController.swift in Sources */,
				F4C8148A1A1D8EEE0004C3A9 /* AppDelegate.swift in Sources */,
			);
			runOnlyForDeploymentPostprocessing = 0;
		};
		F4C814951A1D8EEE0004C3A9 /* Sources */ = {
			isa = PBXSourcesBuildPhase;
			buildActionMask = 2147483647;
			files = (
				F4C814A01A1D8EEE0004C3A9 /* KivaLoanTests.swift in Sources */,
			);
			runOnlyForDeploymentPostprocessing = 0;
		};
/* End PBXSourcesBuildPhase section */

/* Begin PBXTargetDependency section */
		F4C8149B1A1D8EEE0004C3A9 /* PBXTargetDependency */ = {
			isa = PBXTargetDependency;
			target = F4C814831A1D8EEE0004C3A9 /* KivaLoan */;
			targetProxy = F4C8149A1A1D8EEE0004C3A9 /* PBXContainerItemProxy */;
		};
/* End PBXTargetDependency section */

/* Begin PBXVariantGroup section */
		F4C8148D1A1D8EEE0004C3A9 /* Main.storyboard */ = {
			isa = PBXVariantGroup;
			children = (
				F4C8148E1A1D8EEE0004C3A9 /* Base */,
			);
			name = Main.storyboard;
			sourceTree = "<group>";
		};
		F4C814921A1D8EEE0004C3A9 /* LaunchScreen.xib */ = {
			isa = PBXVariantGroup;
			children = (
				F4C814931A1D8EEE0004C3A9 /* Base */,
			);
			name = LaunchScreen.xib;
			sourceTree = "<group>";
		};
/* End PBXVariantGroup section */

/* Begin XCBuildConfiguration section */
		F4C814A11A1D8EEE0004C3A9 /* Debug */ = {
			isa = XCBuildConfiguration;
			buildSettings = {
				ALWAYS_SEARCH_USER_PATHS = NO;
				CLANG_CXX_LANGUAGE_STANDARD = "gnu++0x";
				CLANG_CXX_LIBRARY = "libc++";
				CLANG_ENABLE_MODULES = YES;
				CLANG_ENABLE_OBJC_ARC = YES;
				CLANG_WARN_BOOL_CONVERSION = YES;
				CLANG_WARN_CONSTANT_CONVERSION = YES;
				CLANG_WARN_DIRECT_OBJC_ISA_USAGE = YES_ERROR;
				CLANG_WARN_EMPTY_BODY = YES;
				CLANG_WARN_ENUM_CONVERSION = YES;
				CLANG_WARN_INT_CONVERSION = YES;
				CLANG_WARN_OBJC_ROOT_CLASS = YES_ERROR;
				CLANG_WARN_UNREACHABLE_CODE = YES;
				CLANG_WARN__DUPLICATE_METHOD_MATCH = YES;
				"CODE_SIGN_IDENTITY[sdk=iphoneos*]" = "iPhone Developer";
				COPY_PHASE_STRIP = NO;
				ENABLE_STRICT_OBJC_MSGSEND = YES;
				ENABLE_TESTABILITY = YES;
				GCC_C_LANGUAGE_STANDARD = gnu99;
				GCC_DYNAMIC_NO_PIC = NO;
				GCC_OPTIMIZATION_LEVEL = 0;
				GCC_PREPROCESSOR_DEFINITIONS = (
					"DEBUG=1",
					"$(inherited)",
				);
				GCC_SYMBOLS_PRIVATE_EXTERN = NO;
				GCC_WARN_64_TO_32_BIT_CONVERSION = YES;
				GCC_WARN_ABOUT_RETURN_TYPE = YES_ERROR;
				GCC_WARN_UNDECLARED_SELECTOR = YES;
				GCC_WARN_UNINITIALIZED_AUTOS = YES_AGGRESSIVE;
				GCC_WARN_UNUSED_FUNCTION = YES;
				GCC_WARN_UNUSED_VARIABLE = YES;
				IPHONEOS_DEPLOYMENT_TARGET = 8.1;
				MTL_ENABLE_DEBUG_INFO = YES;
				ONLY_ACTIVE_ARCH = YES;
				SDKROOT = iphoneos;
				SWIFT_OPTIMIZATION_LEVEL = "-Onone";
			};
			name = Debug;
		};
		F4C814A21A1D8EEE0004C3A9 /* Release */ = {
			isa = XCBuildConfiguration;
			buildSettings = {
				ALWAYS_SEARCH_USER_PATHS = NO;
				CLANG_CXX_LANGUAGE_STANDARD = "gnu++0x";
				CLANG_CXX_LIBRARY = "libc++";
				CLANG_ENABLE_MODULES = YES;
				CLANG_ENABLE_OBJC_ARC = YES;
				CLANG_WARN_BOOL_CONVERSION = YES;
				CLANG_WARN_CONSTANT_CONVERSION = YES;
				CLANG_WARN_DIRECT_OBJC_ISA_USAGE = YES_ERROR;
				CLANG_WARN_EMPTY_BODY = YES;
				CLANG_WARN_ENUM_CONVERSION = YES;
				CLANG_WARN_INT_CONVERSION = YES;
				CLANG_WARN_OBJC_ROOT_CLASS = YES_ERROR;
				CLANG_WARN_UNREACHABLE_CODE = YES;
				CLANG_WARN__DUPLICATE_METHOD_MATCH = YES;
				"CODE_SIGN_IDENTITY[sdk=iphoneos*]" = "iPhone Developer";
				COPY_PHASE_STRIP = YES;
				ENABLE_NS_ASSERTIONS = NO;
				ENABLE_STRICT_OBJC_MSGSEND = YES;
				GCC_C_LANGUAGE_STANDARD = gnu99;
				GCC_WARN_64_TO_32_BIT_CONVERSION = YES;
				GCC_WARN_ABOUT_RETURN_TYPE = YES_ERROR;
				GCC_WARN_UNDECLARED_SELECTOR = YES;
				GCC_WARN_UNINITIALIZED_AUTOS = YES_AGGRESSIVE;
				GCC_WARN_UNUSED_FUNCTION = YES;
				GCC_WARN_UNUSED_VARIABLE = YES;
				IPHONEOS_DEPLOYMENT_TARGET = 8.1;
				MTL_ENABLE_DEBUG_INFO = NO;
				SDKROOT = iphoneos;
				VALIDATE_PRODUCT = YES;
			};
			name = Release;
		};
		F4C814A41A1D8EEE0004C3A9 /* Debug */ = {
			isa = XCBuildConfiguration;
			buildSettings = {
				ASSETCATALOG_COMPILER_APPICON_NAME = AppIcon;
				INFOPLIST_FILE = KivaLoan/Info.plist;
				LD_RUNPATH_SEARCH_PATHS = "$(inherited) @executable_path/Frameworks";
				PRODUCT_BUNDLE_IDENTIFIER = "com.appcoda.$(PRODUCT_NAME:rfc1034identifier)";
				PRODUCT_NAME = "$(TARGET_NAME)";
			};
			name = Debug;
		};
		F4C814A51A1D8EEE0004C3A9 /* Release */ = {
			isa = XCBuildConfiguration;
			buildSettings = {
				ASSETCATALOG_COMPILER_APPICON_NAME = AppIcon;
				INFOPLIST_FILE = KivaLoan/Info.plist;
				LD_RUNPATH_SEARCH_PATHS = "$(inherited) @executable_path/Frameworks";
				PRODUCT_BUNDLE_IDENTIFIER = "com.appcoda.$(PRODUCT_NAME:rfc1034identifier)";
				PRODUCT_NAME = "$(TARGET_NAME)";
			};
			name = Release;
		};
		F4C814A71A1D8EEE0004C3A9 /* Debug */ = {
			isa = XCBuildConfiguration;
			buildSettings = {
				BUNDLE_LOADER = "$(TEST_HOST)";
				FRAMEWORK_SEARCH_PATHS = (
					"$(SDKROOT)/Developer/Library/Frameworks",
					"$(inherited)",
				);
				GCC_PREPROCESSOR_DEFINITIONS = (
					"DEBUG=1",
					"$(inherited)",
				);
				INFOPLIST_FILE = KivaLoanTests/Info.plist;
				LD_RUNPATH_SEARCH_PATHS = "$(inherited) @executable_path/Frameworks @loader_path/Frameworks";
				PRODUCT_BUNDLE_IDENTIFIER = "com.appcoda.$(PRODUCT_NAME:rfc1034identifier)";
				PRODUCT_NAME = "$(TARGET_NAME)";
				TEST_HOST = "$(BUILT_PRODUCTS_DIR)/KivaLoan.app/KivaLoan";
			};
			name = Debug;
		};
		F4C814A81A1D8EEE0004C3A9 /* Release */ = {
			isa = XCBuildConfiguration;
			buildSettings = {
				BUNDLE_LOADER = "$(TEST_HOST)";
				FRAMEWORK_SEARCH_PATHS = (
					"$(SDKROOT)/Developer/Library/Frameworks",
					"$(inherited)",
				);
				INFOPLIST_FILE = KivaLoanTests/Info.plist;
				LD_RUNPATH_SEARCH_PATHS = "$(inherited) @executable_path/Frameworks @loader_path/Frameworks";
				PRODUCT_BUNDLE_IDENTIFIER = "com.appcoda.$(PRODUCT_NAME:rfc1034identifier)";
				PRODUCT_NAME = "$(TARGET_NAME)";
				TEST_HOST = "$(BUILT_PRODUCTS_DIR)/KivaLoan.app/KivaLoan";
			};
			name = Release;
		};
/* End XCBuildConfiguration section */

/* Begin XCConfigurationList section */
		F4C8147F1A1D8EEE0004C3A9 /* Build configuration list for PBXProject "KivaLoan" */ = {
			isa = XCConfigurationList;
			buildConfigurations = (
				F4C814A11A1D8EEE0004C3A9 /* Debug */,
				F4C814A21A1D8EEE0004C3A9 /* Release */,
			);
			defaultConfigurationIsVisible = 0;
			defaultConfigurationName = Release;
		};
		F4C814A31A1D8EEE0004C3A9 /* Build configuration list for PBXNativeTarget "KivaLoan" */ = {
			isa = XCConfigurationList;
			buildConfigurations = (
				F4C814A41A1D8EEE0004C3A9 /* Debug */,
				F4C814A51A1D8EEE0004C3A9 /* Release */,
			);
			defaultConfigurationIsVisible = 0;
			defaultConfigurationName = Release;
		};
		F4C814A61A1D8EEE0004C3A9 /* Build configuration list for PBXNativeTarget "KivaLoanTests" */ = {
			isa = XCConfigurationList;
			buildConfigurations = (
				F4C814A71A1D8EEE0004C3A9 /* Debug */,
				F4C814A81A1D8EEE0004C3A9 /* Release */,
			);
			defaultConfigurationIsVisible = 0;
			defaultConfigurationName = Release;
		};
/* End XCConfigurationList section */
	};
	rootObject = F4C8147C1A1D8EEE0004C3A9 /* Project object */;
}
