// !$*UTF8*$!
{
	archiveVersion = 1;
	classes = {
	};
	objectVersion = 46;
	objects = {

/* Begin PBXBuildFile section */
		49140586A44ECCFED18F3840 /* Pods_AlamofireDemo.framework in Frameworks */ = {isa = PBXBuildFile; fileRef = EB5BC71A473F6E8824BF5FE5 /* Pods_AlamofireDemo.framework */; };
		F2AAB3271CF2E8E2004968BB /* MBProgressHUD.framework in Frameworks */ = {isa = PBXBuildFile; fileRef = F2AAB3261CF2E8E2004968BB /* MBProgressHUD.framework */; };
		F2AAB3281CF2E8E2004968BB /* MBProgressHUD.framework in Embed Frameworks */ = {isa = PBXBuildFile; fileRef = F2AAB3261CF2E8E2004968BB /* MBProgressHUD.framework */; settings = {ATTRIBUTES = (CodeSignOnCopy, RemoveHeadersOnCopy, ); }; };
		F2FA955E1CF03C53009D433E /* AppDelegate.swift in Sources */ = {isa = PBXBuildFile; fileRef = F2FA955D1CF03C53009D433E /* AppDelegate.swift */; };
		F2FA95601CF03C53009D433E /* ViewController.swift in Sources */ = {isa = PBXBuildFile; fileRef = F2FA955F1CF03C53009D433E /* ViewController.swift */; };
		F2FA95631CF03C53009D433E /* Main.storyboard in Resources */ = {isa = PBXBuildFile; fileRef = F2FA95611CF03C53009D433E /* Main.storyboard */; };
		F2FA95651CF03C53009D433E /* Assets.xcassets in Resources */ = {isa = PBXBuildFile; fileRef = F2FA95641CF03C53009D433E /* Assets.xcassets */; };
/* End PBXBuildFile section */

/* Begin PBXCopyFilesBuildPhase section */
		F2AAB3291CF2E8E2004968BB /* Embed Frameworks */ = {
			isa = PBXCopyFilesBuildPhase;
			buildActionMask = 2147483647;
			dstPath = "";
			dstSubfolderSpec = 10;
			files = (
				F2AAB3281CF2E8E2004968BB /* MBProgressHUD.framework in Embed Frameworks */,
			);
			name = "Embed Frameworks";
			runOnlyForDeploymentPostprocessing = 0;
		};
/* End PBXCopyFilesBuildPhase section */

/* Begin PBXFileReference section */
		37397FED02612896DDF5C584 /* Pods-AlamofireDemo.release.xcconfig */ = {isa = PBXFileReference; includeInIndex = 1; lastKnownFileType = text.xcconfig; name = "Pods-AlamofireDemo.release.xcconfig"; path = "Pods/Target Support Files/Pods-AlamofireDemo/Pods-AlamofireDemo.release.xcconfig"; sourceTree = "<group>"; };
		80751530BA03CAC67FA573AC /* Pods-AlamofireDemo.debug.xcconfig */ = {isa = PBXFileReference; includeInIndex = 1; lastKnownFileType = text.xcconfig; name = "Pods-AlamofireDemo.debug.xcconfig"; path = "Pods/Target Support Files/Pods-AlamofireDemo/Pods-AlamofireDemo.debug.xcconfig"; sourceTree = "<group>"; };
		EB5BC71A473F6E8824BF5FE5 /* Pods_AlamofireDemo.framework */ = {isa = PBXFileReference; explicitFileType = wrapper.framework; includeInIndex = 0; path = Pods_AlamofireDemo.framework; sourceTree = BUILT_PRODUCTS_DIR; };
		F2AAB3261CF2E8E2004968BB /* MBProgressHUD.framework */ = {isa = PBXFileReference; explicitFileType = wrapper.framework; name = MBProgressHUD.framework; path = "/Users/geosat-rd01/Library/Developer/Xcode/DerivedData/AlamofireDemo-deznouvzqzoqulciruugcmjfvubb/Build/Products/Debug-iphoneos/MBProgressHUD/MBProgressHUD.framework"; sourceTree = "<absolute>"; };
		F2DC48621CF28C4D007FC3E5 /* Alamofire.framework */ = {isa = PBXFileReference; explicitFileType = wrapper.framework; name = Alamofire.framework; path = "/Users/geosat-rd01/Library/Developer/Xcode/DerivedData/AlamofireDemo-crcjpzgkzcnvjgaxaquacwpfjkyo/Build/Products/Debug-iphonesimulator/Alamofire/Alamofire.framework"; sourceTree = "<absolute>"; };
		F2FA955A1CF03C53009D433E /* AlamofireDemo.app */ = {isa = PBXFileReference; explicitFileType = wrapper.application; includeInIndex = 0; path = AlamofireDemo.app; sourceTree = BUILT_PRODUCTS_DIR; };
		F2FA955D1CF03C53009D433E /* AppDelegate.swift */ = {isa = PBXFileReference; lastKnownFileType = sourcecode.swift; path = AppDelegate.swift; sourceTree = "<group>"; };
		F2FA955F1CF03C53009D433E /* ViewController.swift */ = {isa = PBXFileReference; lastKnownFileType = sourcecode.swift; path = ViewController.swift; sourceTree = "<group>"; };
		F2FA95621CF03C53009D433E /* Base */ = {isa = PBXFileReference; lastKnownFileType = file.storyboard; name = Base; path = Base.lproj/Main.storyboard; sourceTree = "<group>"; };
		F2FA95641CF03C53009D433E /* Assets.xcassets */ = {isa = PBXFileReference; lastKnownFileType = folder.assetcatalog; path = Assets.xcassets; sourceTree = "<group>"; };
		F2FA95691CF03C53009D433E /* Info.plist */ = {isa = PBXFileReference; lastKnownFileType = text.plist.xml; path = Info.plist; sourceTree = "<group>"; };
/* End PBXFileReference section */

/* Begin PBXFrameworksBuildPhase section */
		F2FA95571CF03C53009D433E /* Frameworks */ = {
			isa = PBXFrameworksBuildPhase;
			buildActionMask = 2147483647;
			files = (
				F2AAB3271CF2E8E2004968BB /* MBProgressHUD.framework in Frameworks */,
				49140586A44ECCFED18F3840 /* Pods_AlamofireDemo.framework in Frameworks */,
			);
			runOnlyForDeploymentPostprocessing = 0;
		};
/* End PBXFrameworksBuildPhase section */

/* Begin PBXGroup section */
		596E52B63FEBE1FFCCCD5003 /* Pods */ = {
			isa = PBXGroup;
			children = (
				80751530BA03CAC67FA573AC /* Pods-AlamofireDemo.debug.xcconfig */,
				37397FED02612896DDF5C584 /* Pods-AlamofireDemo.release.xcconfig */,
			);
			name = Pods;
			sourceTree = "<group>";
		};
		DBB3758887CF4C6BE33EB58D /* Frameworks */ = {
			isa = PBXGroup;
			children = (
				EB5BC71A473F6E8824BF5FE5 /* Pods_AlamofireDemo.framework */,
			);
			name = Frameworks;
			sourceTree = "<group>";
		};
		F2FA95511CF03C53009D433E = {
			isa = PBXGroup;
			children = (
				F2AAB3261CF2E8E2004968BB /* MBProgressHUD.framework */,
				F2DC48621CF28C4D007FC3E5 /* Alamofire.framework */,
				F2FA955C1CF03C53009D433E /* AlamofireDemo */,
				F2FA955B1CF03C53009D433E /* Products */,
				596E52B63FEBE1FFCCCD5003 /* Pods */,
				DBB3758887CF4C6BE33EB58D /* Frameworks */,
			);
			sourceTree = "<group>";
		};
		F2FA955B1CF03C53009D433E /* Products */ = {
			isa = PBXGroup;
			children = (
				F2FA955A1CF03C53009D433E /* AlamofireDemo.app */,
			);
			name = Products;
			sourceTree = "<group>";
		};
		F2FA955C1CF03C53009D433E /* AlamofireDemo */ = {
			isa = PBXGroup;
			children = (
				F2FA955D1CF03C53009D433E /* AppDelegate.swift */,
				F2FA955F1CF03C53009D433E /* ViewController.swift */,
				F2FA95611CF03C53009D433E /* Main.storyboard */,
				F2FA95641CF03C53009D433E /* Assets.xcassets */,
				F2FA95691CF03C53009D433E /* Info.plist */,
			);
			path = AlamofireDemo;
			sourceTree = "<group>";
		};
/* End PBXGroup section */

/* Begin PBXNativeTarget section */
		F2FA95591CF03C53009D433E /* AlamofireDemo */ = {
			isa = PBXNativeTarget;
			buildConfigurationList = F2FA956C1CF03C53009D433E /* Build configuration list for PBXNativeTarget "AlamofireDemo" */;
			buildPhases = (
				B99A33186E22726AD4FF7C08 /* 📦 Check Pods Manifest.lock */,
				F2FA95561CF03C53009D433E /* Sources */,
				F2FA95571CF03C53009D433E /* Frameworks */,
				F2FA95581CF03C53009D433E /* Resources */,
				E9C6A4A3EA83D6AEDC52A3E2 /* 📦 Embed Pods Frameworks */,
				7A87F2F0A73B9F431C598CE9 /* 📦 Copy Pods Resources */,
				F2AAB3291CF2E8E2004968BB /* Embed Frameworks */,
			);
			buildRules = (
			);
			dependencies = (
			);
			name = AlamofireDemo;
			productName = AlamofireDemo;
			productReference = F2FA955A1CF03C53009D433E /* AlamofireDemo.app */;
			productType = "com.apple.product-type.application";
		};
/* End PBXNativeTarget section */

/* Begin PBXProject section */
		F2FA95521CF03C53009D433E /* Project object */ = {
			isa = PBXProject;
			attributes = {
				LastSwiftUpdateCheck = 0730;
				LastUpgradeCheck = 0730;
				ORGANIZATIONNAME = Rocoo;
				TargetAttributes = {
					F2FA95591CF03C53009D433E = {
						CreatedOnToolsVersion = 7.3;
					};
				};
			};
			buildConfigurationList = F2FA95551CF03C53009D433E /* Build configuration list for PBXProject "AlamofireDemo" */;
			compatibilityVersion = "Xcode 3.2";
			developmentRegion = English;
			hasScannedForEncodings = 0;
			knownRegions = (
				en,
				Base,
			);
			mainGroup = F2FA95511CF03C53009D433E;
			productRefGroup = F2FA955B1CF03C53009D433E /* Products */;
			projectDirPath = "";
			projectRoot = "";
			targets = (
				F2FA95591CF03C53009D433E /* AlamofireDemo */,
			);
		};
/* End PBXProject section */

/* Begin PBXResourcesBuildPhase section */
		F2FA95581CF03C53009D433E /* Resources */ = {
			isa = PBXResourcesBuildPhase;
			buildActionMask = 2147483647;
			files = (
				F2FA95651CF03C53009D433E /* Assets.xcassets in Resources */,
				F2FA95631CF03C53009D433E /* Main.storyboard in Resources */,
			);
			runOnlyForDeploymentPostprocessing = 0;
		};
/* End PBXResourcesBuildPhase section */

/* Begin PBXShellScriptBuildPhase section */
		7A87F2F0A73B9F431C598CE9 /* 📦 Copy Pods Resources */ = {
			isa = PBXShellScriptBuildPhase;
			buildActionMask = 2147483647;
			files = (
			);
			inputPaths = (
			);
			name = "📦 Copy Pods Resources";
			outputPaths = (
			);
			runOnlyForDeploymentPostprocessing = 0;
			shellPath = /bin/sh;
			shellScript = "\"${SRCROOT}/Pods/Target Support Files/Pods-AlamofireDemo/Pods-AlamofireDemo-resources.sh\"\n";
			showEnvVarsInLog = 0;
		};
		B99A33186E22726AD4FF7C08 /* 📦 Check Pods Manifest.lock */ = {
			isa = PBXShellScriptBuildPhase;
			buildActionMask = 2147483647;
			files = (
			);
			inputPaths = (
			);
			name = "📦 Check Pods Manifest.lock";
			outputPaths = (
			);
			runOnlyForDeploymentPostprocessing = 0;
			shellPath = /bin/sh;
			shellScript = "diff \"${PODS_ROOT}/../Podfile.lock\" \"${PODS_ROOT}/Manifest.lock\" > /dev/null\nif [[ $? != 0 ]] ; then\n    cat << EOM\nerror: The sandbox is not in sync with the Podfile.lock. Run 'pod install' or update your CocoaPods installation.\nEOM\n    exit 1\nfi\n";
			showEnvVarsInLog = 0;
		};
		E9C6A4A3EA83D6AEDC52A3E2 /* 📦 Embed Pods Frameworks */ = {
			isa = PBXShellScriptBuildPhase;
			buildActionMask = 2147483647;
			files = (
			);
			inputPaths = (
			);
			name = "📦 Embed Pods Frameworks";
			outputPaths = (
			);
			runOnlyForDeploymentPostprocessing = 0;
			shellPath = /bin/sh;
			shellScript = "\"${SRCROOT}/Pods/Target Support Files/Pods-AlamofireDemo/Pods-AlamofireDemo-frameworks.sh\"\n";
			showEnvVarsInLog = 0;
		};
/* End PBXShellScriptBuildPhase section */

/* Begin PBXSourcesBuildPhase section */
		F2FA95561CF03C53009D433E /* Sources */ = {
			isa = PBXSourcesBuildPhase;
			buildActionMask = 2147483647;
			files = (
				F2FA95601CF03C53009D433E /* ViewController.swift in Sources */,
				F2FA955E1CF03C53009D433E /* AppDelegate.swift in Sources */,
			);
			runOnlyForDeploymentPostprocessing = 0;
		};
/* End PBXSourcesBuildPhase section */

/* Begin PBXVariantGroup section */
		F2FA95611CF03C53009D433E /* Main.storyboard */ = {
			isa = PBXVariantGroup;
			children = (
				F2FA95621CF03C53009D433E /* Base */,
			);
			name = Main.storyboard;
			sourceTree = "<group>";
		};
/* End PBXVariantGroup section */

/* Begin XCBuildConfiguration section */
		F2FA956A1CF03C53009D433E /* Debug */ = {
			isa = XCBuildConfiguration;
			buildSettings = {
				ALWAYS_SEARCH_USER_PATHS = NO;
				CLANG_ANALYZER_NONNULL = YES;
				CLANG_CXX_LANGUAGE_STANDARD = "gnu++0x";
				CLANG_CXX_LIBRARY = "libc++";
				CLANG_ENABLE_MODULES = YES;
				CLANG_ENABLE_OBJC_ARC = YES;
				CLANG_WARN_BOOL_CONVERSION = YES;
				CLANG_WARN_CONSTANT_CONVERSION = YES;
				CLANG_WARN_DIRECT_OBJC_ISA_USAGE = YES_ERROR;
				CLANG_WARN_EMPTY_BODY = YES;
				CLANG_WARN_ENUM_CONVERSION = YES;
				CLANG_WARN_INT_CONVERSION = YES;
				CLANG_WARN_OBJC_ROOT_CLASS = YES_ERROR;
				CLANG_WARN_UNREACHABLE_CODE = YES;
				CLANG_WARN__DUPLICATE_METHOD_MATCH = YES;
				"CODE_SIGN_IDENTITY[sdk=iphoneos*]" = "iPhone Developer";
				COPY_PHASE_STRIP = NO;
				DEBUG_INFORMATION_FORMAT = dwarf;
				ENABLE_STRICT_OBJC_MSGSEND = YES;
				ENABLE_TESTABILITY = YES;
				GCC_C_LANGUAGE_STANDARD = gnu99;
				GCC_DYNAMIC_NO_PIC = NO;
				GCC_NO_COMMON_BLOCKS = YES;
				GCC_OPTIMIZATION_LEVEL = 0;
				GCC_PREPROCESSOR_DEFINITIONS = (
					"DEBUG=1",
					"$(inherited)",
				);
				GCC_WARN_64_TO_32_BIT_CONVERSION = YES;
				GCC_WARN_ABOUT_RETURN_TYPE = YES_ERROR;
				GCC_WARN_UNDECLARED_SELECTOR = YES;
				GCC_WARN_UNINITIALIZED_AUTOS = YES_AGGRESSIVE;
				GCC_WARN_UNUSED_FUNCTION = YES;
				GCC_WARN_UNUSED_VARIABLE = YES;
				IPHONEOS_DEPLOYMENT_TARGET = 9.3;
				MTL_ENABLE_DEBUG_INFO = YES;
				ONLY_ACTIVE_ARCH = YES;
				SDKROOT = iphoneos;
				SWIFT_OPTIMIZATION_LEVEL = "-Onone";
				TARGETED_DEVICE_FAMILY = "1,2";
			};
			name = Debug;
		};
		F2FA956B1CF03C53009D433E /* Release */ = {
			isa = XCBuildConfiguration;
			buildSettings = {
				ALWAYS_SEARCH_USER_PATHS = NO;
				CLANG_ANALYZER_NONNULL = YES;
				CLANG_CXX_LANGUAGE_STANDARD = "gnu++0x";
				CLANG_CXX_LIBRARY = "libc++";
				CLANG_ENABLE_MODULES = YES;
				CLANG_ENABLE_OBJC_ARC = YES;
				CLANG_WARN_BOOL_CONVERSION = YES;
				CLANG_WARN_CONSTANT_CONVERSION = YES;
				CLANG_WARN_DIRECT_OBJC_ISA_USAGE = YES_ERROR;
				CLANG_WARN_EMPTY_BODY = YES;
				CLANG_WARN_ENUM_CONVERSION = YES;
				CLANG_WARN_INT_CONVERSION = YES;
				CLANG_WARN_OBJC_ROOT_CLASS = YES_ERROR;
				CLANG_WARN_UNREACHABLE_CODE = YES;
				CLANG_WARN__DUPLICATE_METHOD_MATCH = YES;
				"CODE_SIGN_IDENTITY[sdk=iphoneos*]" = "iPhone Developer";
				COPY_PHASE_STRIP = NO;
				DEBUG_INFORMATION_FORMAT = "dwarf-with-dsym";
				ENABLE_NS_ASSERTIONS = NO;
				ENABLE_STRICT_OBJC_MSGSEND = YES;
				GCC_C_LANGUAGE_STANDARD = gnu99;
				GCC_NO_COMMON_BLOCKS = YES;
				GCC_WARN_64_TO_32_BIT_CONVERSION = YES;
				GCC_WARN_ABOUT_RETURN_TYPE = YES_ERROR;
				GCC_WARN_UNDECLARED_SELECTOR = YES;
				GCC_WARN_UNINITIALIZED_AUTOS = YES_AGGRESSIVE;
				GCC_WARN_UNUSED_FUNCTION = YES;
				GCC_WARN_UNUSED_VARIABLE = YES;
				IPHONEOS_DEPLOYMENT_TARGET = 9.3;
				MTL_ENABLE_DEBUG_INFO = NO;
				SDKROOT = iphoneos;
				TARGETED_DEVICE_FAMILY = "1,2";
				VALIDATE_PRODUCT = YES;
			};
			name = Release;
		};
		F2FA956D1CF03C53009D433E /* Debug */ = {
			isa = XCBuildConfiguration;
			baseConfigurationReference = 80751530BA03CAC67FA573AC /* Pods-AlamofireDemo.debug.xcconfig */;
			buildSettings = {
				ASSETCATALOG_COMPILER_APPICON_NAME = AppIcon;
				INFOPLIST_FILE = AlamofireDemo/Info.plist;
				LD_RUNPATH_SEARCH_PATHS = "$(inherited) @executable_path/Frameworks";
				PRODUCT_BUNDLE_IDENTIFIER = com.rocoo.AlamofireDemo;
				PRODUCT_NAME = "$(TARGET_NAME)";
			};
			name = Debug;
		};
		F2FA956E1CF03C53009D433E /* Release */ = {
			isa = XCBuildConfiguration;
			baseConfigurationReference = 37397FED02612896DDF5C584 /* Pods-AlamofireDemo.release.xcconfig */;
			buildSettings = {
				ASSETCATALOG_COMPILER_APPICON_NAME = AppIcon;
				INFOPLIST_FILE = AlamofireDemo/Info.plist;
				LD_RUNPATH_SEARCH_PATHS = "$(inherited) @executable_path/Frameworks";
				PRODUCT_BUNDLE_IDENTIFIER = com.rocoo.AlamofireDemo;
				PRODUCT_NAME = "$(TARGET_NAME)";
			};
			name = Release;
		};
/* End XCBuildConfiguration section */

/* Begin XCConfigurationList section */
		F2FA95551CF03C53009D433E /* Build configuration list for PBXProject "AlamofireDemo" */ = {
			isa = XCConfigurationList;
			buildConfigurations = (
				F2FA956A1CF03C53009D433E /* Debug */,
				F2FA956B1CF03C53009D433E /* Release */,
			);
			defaultConfigurationIsVisible = 0;
			defaultConfigurationName = Release;
		};
		F2FA956C1CF03C53009D433E /* Build configuration list for PBXNativeTarget "AlamofireDemo" */ = {
			isa = XCConfigurationList;
			buildConfigurations = (
				F2FA956D1CF03C53009D433E /* Debug */,
				F2FA956E1CF03C53009D433E /* Release */,
			);
			defaultConfigurationIsVisible = 0;
			defaultConfigurationName = Release;
		};
/* End XCConfigurationList section */
	};
	rootObject = F2FA95521CF03C53009D433E /* Project object */;
}
