// !$*UTF8*$!
{
	archiveVersion = 1;
	classes = {
	};
	objectVersion = 46;
	objects = {

/* Begin PBXBuildFile section */
		F2AEB3F91CAA6887003F8FFA /* RouteTableViewController.swift in Sources */ = {isa = PBXBuildFile; fileRef = F2AEB3F81CAA6887003F8FFA /* RouteTableViewController.swift */; };
		F41EB4E11A1AEB1100DAF540 /* AppDelegate.swift in Sources */ = {isa = PBXBuildFile; fileRef = F41EB4E01A1AEB1100DAF540 /* AppDelegate.swift */; };
		F41EB4E61A1AEB1100DAF540 /* Main.storyboard in Resources */ = {isa = PBXBuildFile; fileRef = F41EB4E41A1AEB1100DAF540 /* Main.storyboard */; };
		F41EB4E81A1AEB1100DAF540 /* Images.xcassets in Resources */ = {isa = PBXBuildFile; fileRef = F41EB4E71A1AEB1100DAF540 /* Images.xcassets */; };
		F41EB4EB1A1AEB1100DAF540 /* LaunchScreen.xib in Resources */ = {isa = PBXBuildFile; fileRef = F41EB4E91A1AEB1100DAF540 /* LaunchScreen.xib */; };
		F41EB4F71A1AEB1100DAF540 /* MapKitDirectionDemoTests.swift in Sources */ = {isa = PBXBuildFile; fileRef = F41EB4F61A1AEB1100DAF540 /* MapKitDirectionDemoTests.swift */; };
		F41EB5011A1AEBC100DAF540 /* RestaurantTableViewController.swift in Sources */ = {isa = PBXBuildFile; fileRef = F41EB5001A1AEBC100DAF540 /* RestaurantTableViewController.swift */; };
		F41EB5071A1AF11C00DAF540 /* MapKit.framework in Frameworks */ = {isa = PBXBuildFile; fileRef = F41EB5061A1AF11C00DAF540 /* MapKit.framework */; };
		F41EB50B1A1AF5B700DAF540 /* MapViewController.swift in Sources */ = {isa = PBXBuildFile; fileRef = F41EB50A1A1AF5B700DAF540 /* MapViewController.swift */; };
		F41EB50D1A1AF86A00DAF540 /* Restaurant.swift in Sources */ = {isa = PBXBuildFile; fileRef = F41EB50C1A1AF86A00DAF540 /* Restaurant.swift */; };
/* End PBXBuildFile section */

/* Begin PBXContainerItemProxy section */
		F41EB4F11A1AEB1100DAF540 /* PBXContainerItemProxy */ = {
			isa = PBXContainerItemProxy;
			containerPortal = F41EB4D31A1AEB1100DAF540 /* Project object */;
			proxyType = 1;
			remoteGlobalIDString = F41EB4DA1A1AEB1100DAF540;
			remoteInfo = MapKitDirectionDemo;
		};
/* End PBXContainerItemProxy section */

/* Begin PBXFileReference section */
		F2AEB3F81CAA6887003F8FFA /* RouteTableViewController.swift */ = {isa = PBXFileReference; fileEncoding = 4; lastKnownFileType = sourcecode.swift; path = RouteTableViewController.swift; sourceTree = "<group>"; };
		F41EB4DB1A1AEB1100DAF540 /* MapKitDirectionDemo.app */ = {isa = PBXFileReference; explicitFileType = wrapper.application; includeInIndex = 0; path = MapKitDirectionDemo.app; sourceTree = BUILT_PRODUCTS_DIR; };
		F41EB4DF1A1AEB1100DAF540 /* Info.plist */ = {isa = PBXFileReference; lastKnownFileType = text.plist.xml; path = Info.plist; sourceTree = "<group>"; };
		F41EB4E01A1AEB1100DAF540 /* AppDelegate.swift */ = {isa = PBXFileReference; lastKnownFileType = sourcecode.swift; path = AppDelegate.swift; sourceTree = "<group>"; };
		F41EB4E51A1AEB1100DAF540 /* Base */ = {isa = PBXFileReference; lastKnownFileType = file.storyboard; name = Base; path = Base.lproj/Main.storyboard; sourceTree = "<group>"; };
		F41EB4E71A1AEB1100DAF540 /* Images.xcassets */ = {isa = PBXFileReference; lastKnownFileType = folder.assetcatalog; path = Images.xcassets; sourceTree = "<group>"; };
		F41EB4EA1A1AEB1100DAF540 /* Base */ = {isa = PBXFileReference; lastKnownFileType = file.xib; name = Base; path = Base.lproj/LaunchScreen.xib; sourceTree = "<group>"; };
		F41EB4F01A1AEB1100DAF540 /* MapKitDirectionDemoTests.xctest */ = {isa = PBXFileReference; explicitFileType = wrapper.cfbundle; includeInIndex = 0; path = MapKitDirectionDemoTests.xctest; sourceTree = BUILT_PRODUCTS_DIR; };
		F41EB4F51A1AEB1100DAF540 /* Info.plist */ = {isa = PBXFileReference; lastKnownFileType = text.plist.xml; path = Info.plist; sourceTree = "<group>"; };
		F41EB4F61A1AEB1100DAF540 /* MapKitDirectionDemoTests.swift */ = {isa = PBXFileReference; lastKnownFileType = sourcecode.swift; path = MapKitDirectionDemoTests.swift; sourceTree = "<group>"; };
		F41EB5001A1AEBC100DAF540 /* RestaurantTableViewController.swift */ = {isa = PBXFileReference; fileEncoding = 4; lastKnownFileType = sourcecode.swift; path = RestaurantTableViewController.swift; sourceTree = "<group>"; };
		F41EB5061A1AF11C00DAF540 /* MapKit.framework */ = {isa = PBXFileReference; lastKnownFileType = wrapper.framework; name = MapKit.framework; path = System/Library/Frameworks/MapKit.framework; sourceTree = SDKROOT; };
		F41EB50A1A1AF5B700DAF540 /* MapViewController.swift */ = {isa = PBXFileReference; fileEncoding = 4; lastKnownFileType = sourcecode.swift; path = MapViewController.swift; sourceTree = "<group>"; };
		F41EB50C1A1AF86A00DAF540 /* Restaurant.swift */ = {isa = PBXFileReference; fileEncoding = 4; lastKnownFileType = sourcecode.swift; path = Restaurant.swift; sourceTree = "<group>"; };
/* End PBXFileReference section */

/* Begin PBXFrameworksBuildPhase section */
		F41EB4D81A1AEB1100DAF540 /* Frameworks */ = {
			isa = PBXFrameworksBuildPhase;
			buildActionMask = 2147483647;
			files = (
				F41EB5071A1AF11C00DAF540 /* MapKit.framework in Frameworks */,
			);
			runOnlyForDeploymentPostprocessing = 0;
		};
		F41EB4ED1A1AEB1100DAF540 /* Frameworks */ = {
			isa = PBXFrameworksBuildPhase;
			buildActionMask = 2147483647;
			files = (
			);
			runOnlyForDeploymentPostprocessing = 0;
		};
/* End PBXFrameworksBuildPhase section */

/* Begin PBXGroup section */
		F41EB4D21A1AEB1100DAF540 = {
			isa = PBXGroup;
			children = (
				F41EB5061A1AF11C00DAF540 /* MapKit.framework */,
				F41EB4DD1A1AEB1100DAF540 /* MapKitDirectionDemo */,
				F41EB4F31A1AEB1100DAF540 /* MapKitDirectionDemoTests */,
				F41EB4DC1A1AEB1100DAF540 /* Products */,
			);
			sourceTree = "<group>";
		};
		F41EB4DC1A1AEB1100DAF540 /* Products */ = {
			isa = PBXGroup;
			children = (
				F41EB4DB1A1AEB1100DAF540 /* MapKitDirectionDemo.app */,
				F41EB4F01A1AEB1100DAF540 /* MapKitDirectionDemoTests.xctest */,
			);
			name = Products;
			sourceTree = "<group>";
		};
		F41EB4DD1A1AEB1100DAF540 /* MapKitDirectionDemo */ = {
			isa = PBXGroup;
			children = (
				F41EB5001A1AEBC100DAF540 /* RestaurantTableViewController.swift */,
				F41EB50A1A1AF5B700DAF540 /* MapViewController.swift */,
				F41EB50C1A1AF86A00DAF540 /* Restaurant.swift */,
				F2AEB3F81CAA6887003F8FFA /* RouteTableViewController.swift */,
				F41EB4E01A1AEB1100DAF540 /* AppDelegate.swift */,
				F41EB4E41A1AEB1100DAF540 /* Main.storyboard */,
				F41EB4E71A1AEB1100DAF540 /* Images.xcassets */,
				F41EB4E91A1AEB1100DAF540 /* LaunchScreen.xib */,
				F41EB4DE1A1AEB1100DAF540 /* Supporting Files */,
			);
			path = MapKitDirectionDemo;
			sourceTree = "<group>";
		};
		F41EB4DE1A1AEB1100DAF540 /* Supporting Files */ = {
			isa = PBXGroup;
			children = (
				F41EB4DF1A1AEB1100DAF540 /* Info.plist */,
			);
			name = "Supporting Files";
			sourceTree = "<group>";
		};
		F41EB4F31A1AEB1100DAF540 /* MapKitDirectionDemoTests */ = {
			isa = PBXGroup;
			children = (
				F41EB4F61A1AEB1100DAF540 /* MapKitDirectionDemoTests.swift */,
				F41EB4F41A1AEB1100DAF540 /* Supporting Files */,
			);
			path = MapKitDirectionDemoTests;
			sourceTree = "<group>";
		};
		F41EB4F41A1AEB1100DAF540 /* Supporting Files */ = {
			isa = PBXGroup;
			children = (
				F41EB4F51A1AEB1100DAF540 /* Info.plist */,
			);
			name = "Supporting Files";
			sourceTree = "<group>";
		};
/* End PBXGroup section */

/* Begin PBXNativeTarget section */
		F41EB4DA1A1AEB1100DAF540 /* MapKitDirectionDemo */ = {
			isa = PBXNativeTarget;
			buildConfigurationList = F41EB4FA1A1AEB1100DAF540 /* Build configuration list for PBXNativeTarget "MapKitDirectionDemo" */;
			buildPhases = (
				F41EB4D71A1AEB1100DAF540 /* Sources */,
				F41EB4D81A1AEB1100DAF540 /* Frameworks */,
				F41EB4D91A1AEB1100DAF540 /* Resources */,
			);
			buildRules = (
			);
			dependencies = (
			);
			name = MapKitDirectionDemo;
			productName = MapKitDirectionDemo;
			productReference = F41EB4DB1A1AEB1100DAF540 /* MapKitDirectionDemo.app */;
			productType = "com.apple.product-type.application";
		};
		F41EB4EF1A1AEB1100DAF540 /* MapKitDirectionDemoTests */ = {
			isa = PBXNativeTarget;
			buildConfigurationList = F41EB4FD1A1AEB1100DAF540 /* Build configuration list for PBXNativeTarget "MapKitDirectionDemoTests" */;
			buildPhases = (
				F41EB4EC1A1AEB1100DAF540 /* Sources */,
				F41EB4ED1A1AEB1100DAF540 /* Frameworks */,
				F41EB4EE1A1AEB1100DAF540 /* Resources */,
			);
			buildRules = (
			);
			dependencies = (
				F41EB4F21A1AEB1100DAF540 /* PBXTargetDependency */,
			);
			name = MapKitDirectionDemoTests;
			productName = MapKitDirectionDemoTests;
			productReference = F41EB4F01A1AEB1100DAF540 /* MapKitDirectionDemoTests.xctest */;
			productType = "com.apple.product-type.bundle.unit-test";
		};
/* End PBXNativeTarget section */

/* Begin PBXProject section */
		F41EB4D31A1AEB1100DAF540 /* Project object */ = {
			isa = PBXProject;
			attributes = {
				LastSwiftMigration = 0700;
				LastSwiftUpdateCheck = 0700;
				LastUpgradeCheck = 0700;
				ORGANIZATIONNAME = AppCoda;
				TargetAttributes = {
					F41EB4DA1A1AEB1100DAF540 = {
						CreatedOnToolsVersion = 6.1;
						SystemCapabilities = {
							com.apple.Maps.iOS = {
								enabled = 1;
							};
						};
					};
					F41EB4EF1A1AEB1100DAF540 = {
						CreatedOnToolsVersion = 6.1;
						TestTargetID = F41EB4DA1A1AEB1100DAF540;
					};
				};
			};
			buildConfigurationList = F41EB4D61A1AEB1100DAF540 /* Build configuration list for PBXProject "MapKitDirectionDemo" */;
			compatibilityVersion = "Xcode 3.2";
			developmentRegion = English;
			hasScannedForEncodings = 0;
			knownRegions = (
				en,
				Base,
			);
			mainGroup = F41EB4D21A1AEB1100DAF540;
			productRefGroup = F41EB4DC1A1AEB1100DAF540 /* Products */;
			projectDirPath = "";
			projectRoot = "";
			targets = (
				F41EB4DA1A1AEB1100DAF540 /* MapKitDirectionDemo */,
				F41EB4EF1A1AEB1100DAF540 /* MapKitDirectionDemoTests */,
			);
		};
/* End PBXProject section */

/* Begin PBXResourcesBuildPhase section */
		F41EB4D91A1AEB1100DAF540 /* Resources */ = {
			isa = PBXResourcesBuildPhase;
			buildActionMask = 2147483647;
			files = (
				F41EB4E61A1AEB1100DAF540 /* Main.storyboard in Resources */,
				F41EB4EB1A1AEB1100DAF540 /* LaunchScreen.xib in Resources */,
				F41EB4E81A1AEB1100DAF540 /* Images.xcassets in Resources */,
			);
			runOnlyForDeploymentPostprocessing = 0;
		};
		F41EB4EE1A1AEB1100DAF540 /* Resources */ = {
			isa = PBXResourcesBuildPhase;
			buildActionMask = 2147483647;
			files = (
			);
			runOnlyForDeploymentPostprocessing = 0;
		};
/* End PBXResourcesBuildPhase section */

/* Begin PBXSourcesBuildPhase section */
		F41EB4D71A1AEB1100DAF540 /* Sources */ = {
			isa = PBXSourcesBuildPhase;
			buildActionMask = 2147483647;
			files = (
				F2AEB3F91CAA6887003F8FFA /* RouteTableViewController.swift in Sources */,
				F41EB50D1A1AF86A00DAF540 /* Restaurant.swift in Sources */,
				F41EB5011A1AEBC100DAF540 /* RestaurantTableViewController.swift in Sources */,
				F41EB4E11A1AEB1100DAF540 /* AppDelegate.swift in Sources */,
				F41EB50B1A1AF5B700DAF540 /* MapViewController.swift in Sources */,
			);
			runOnlyForDeploymentPostprocessing = 0;
		};
		F41EB4EC1A1AEB1100DAF540 /* Sources */ = {
			isa = PBXSourcesBuildPhase;
			buildActionMask = 2147483647;
			files = (
				F41EB4F71A1AEB1100DAF540 /* MapKitDirectionDemoTests.swift in Sources */,
			);
			runOnlyForDeploymentPostprocessing = 0;
		};
/* End PBXSourcesBuildPhase section */

/* Begin PBXTargetDependency section */
		F41EB4F21A1AEB1100DAF540 /* PBXTargetDependency */ = {
			isa = PBXTargetDependency;
			target = F41EB4DA1A1AEB1100DAF540 /* MapKitDirectionDemo */;
			targetProxy = F41EB4F11A1AEB1100DAF540 /* PBXContainerItemProxy */;
		};
/* End PBXTargetDependency section */

/* Begin PBXVariantGroup section */
		F41EB4E41A1AEB1100DAF540 /* Main.storyboard */ = {
			isa = PBXVariantGroup;
			children = (
				F41EB4E51A1AEB1100DAF540 /* Base */,
			);
			name = Main.storyboard;
			sourceTree = "<group>";
		};
		F41EB4E91A1AEB1100DAF540 /* LaunchScreen.xib */ = {
			isa = PBXVariantGroup;
			children = (
				F41EB4EA1A1AEB1100DAF540 /* Base */,
			);
			name = LaunchScreen.xib;
			sourceTree = "<group>";
		};
/* End PBXVariantGroup section */

/* Begin XCBuildConfiguration section */
		F41EB4F81A1AEB1100DAF540 /* Debug */ = {
			isa = XCBuildConfiguration;
			buildSettings = {
				ALWAYS_SEARCH_USER_PATHS = NO;
				CLANG_CXX_LANGUAGE_STANDARD = "gnu++0x";
				CLANG_CXX_LIBRARY = "libc++";
				CLANG_ENABLE_MODULES = YES;
				CLANG_ENABLE_OBJC_ARC = YES;
				CLANG_WARN_BOOL_CONVERSION = YES;
				CLANG_WARN_CONSTANT_CONVERSION = YES;
				CLANG_WARN_DIRECT_OBJC_ISA_USAGE = YES_ERROR;
				CLANG_WARN_EMPTY_BODY = YES;
				CLANG_WARN_ENUM_CONVERSION = YES;
				CLANG_WARN_INT_CONVERSION = YES;
				CLANG_WARN_OBJC_ROOT_CLASS = YES_ERROR;
				CLANG_WARN_UNREACHABLE_CODE = YES;
				CLANG_WARN__DUPLICATE_METHOD_MATCH = YES;
				"CODE_SIGN_IDENTITY[sdk=iphoneos*]" = "iPhone Developer";
				COPY_PHASE_STRIP = NO;
				ENABLE_STRICT_OBJC_MSGSEND = YES;
				ENABLE_TESTABILITY = YES;
				GCC_C_LANGUAGE_STANDARD = gnu99;
				GCC_DYNAMIC_NO_PIC = NO;
				GCC_OPTIMIZATION_LEVEL = 0;
				GCC_PREPROCESSOR_DEFINITIONS = (
					"DEBUG=1",
					"$(inherited)",
				);
				GCC_SYMBOLS_PRIVATE_EXTERN = NO;
				GCC_WARN_64_TO_32_BIT_CONVERSION = YES;
				GCC_WARN_ABOUT_RETURN_TYPE = YES_ERROR;
				GCC_WARN_UNDECLARED_SELECTOR = YES;
				GCC_WARN_UNINITIALIZED_AUTOS = YES_AGGRESSIVE;
				GCC_WARN_UNUSED_FUNCTION = YES;
				GCC_WARN_UNUSED_VARIABLE = YES;
				IPHONEOS_DEPLOYMENT_TARGET = 8.1;
				MTL_ENABLE_DEBUG_INFO = YES;
				ONLY_ACTIVE_ARCH = YES;
				SDKROOT = iphoneos;
				SWIFT_OPTIMIZATION_LEVEL = "-Onone";
			};
			name = Debug;
		};
		F41EB4F91A1AEB1100DAF540 /* Release */ = {
			isa = XCBuildConfiguration;
			buildSettings = {
				ALWAYS_SEARCH_USER_PATHS = NO;
				CLANG_CXX_LANGUAGE_STANDARD = "gnu++0x";
				CLANG_CXX_LIBRARY = "libc++";
				CLANG_ENABLE_MODULES = YES;
				CLANG_ENABLE_OBJC_ARC = YES;
				CLANG_WARN_BOOL_CONVERSION = YES;
				CLANG_WARN_CONSTANT_CONVERSION = YES;
				CLANG_WARN_DIRECT_OBJC_ISA_USAGE = YES_ERROR;
				CLANG_WARN_EMPTY_BODY = YES;
				CLANG_WARN_ENUM_CONVERSION = YES;
				CLANG_WARN_INT_CONVERSION = YES;
				CLANG_WARN_OBJC_ROOT_CLASS = YES_ERROR;
				CLANG_WARN_UNREACHABLE_CODE = YES;
				CLANG_WARN__DUPLICATE_METHOD_MATCH = YES;
				"CODE_SIGN_IDENTITY[sdk=iphoneos*]" = "iPhone Developer";
				COPY_PHASE_STRIP = YES;
				ENABLE_NS_ASSERTIONS = NO;
				ENABLE_STRICT_OBJC_MSGSEND = YES;
				GCC_C_LANGUAGE_STANDARD = gnu99;
				GCC_WARN_64_TO_32_BIT_CONVERSION = YES;
				GCC_WARN_ABOUT_RETURN_TYPE = YES_ERROR;
				GCC_WARN_UNDECLARED_SELECTOR = YES;
				GCC_WARN_UNINITIALIZED_AUTOS = YES_AGGRESSIVE;
				GCC_WARN_UNUSED_FUNCTION = YES;
				GCC_WARN_UNUSED_VARIABLE = YES;
				IPHONEOS_DEPLOYMENT_TARGET = 8.1;
				MTL_ENABLE_DEBUG_INFO = NO;
				SDKROOT = iphoneos;
				VALIDATE_PRODUCT = YES;
			};
			name = Release;
		};
		F41EB4FB1A1AEB1100DAF540 /* Debug */ = {
			isa = XCBuildConfiguration;
			buildSettings = {
				ASSETCATALOG_COMPILER_APPICON_NAME = AppIcon;
				INFOPLIST_FILE = MapKitDirectionDemo/Info.plist;
				LD_RUNPATH_SEARCH_PATHS = "$(inherited) @executable_path/Frameworks";
				PRODUCT_BUNDLE_IDENTIFIER = "com.appcoda.$(PRODUCT_NAME:rfc1034identifier)";
				PRODUCT_NAME = "$(TARGET_NAME)";
			};
			name = Debug;
		};
		F41EB4FC1A1AEB1100DAF540 /* Release */ = {
			isa = XCBuildConfiguration;
			buildSettings = {
				ASSETCATALOG_COMPILER_APPICON_NAME = AppIcon;
				INFOPLIST_FILE = MapKitDirectionDemo/Info.plist;
				LD_RUNPATH_SEARCH_PATHS = "$(inherited) @executable_path/Frameworks";
				PRODUCT_BUNDLE_IDENTIFIER = "com.appcoda.$(PRODUCT_NAME:rfc1034identifier)";
				PRODUCT_NAME = "$(TARGET_NAME)";
			};
			name = Release;
		};
		F41EB4FE1A1AEB1100DAF540 /* Debug */ = {
			isa = XCBuildConfiguration;
			buildSettings = {
				BUNDLE_LOADER = "$(TEST_HOST)";
				FRAMEWORK_SEARCH_PATHS = (
					"$(SDKROOT)/Developer/Library/Frameworks",
					"$(inherited)",
				);
				GCC_PREPROCESSOR_DEFINITIONS = (
					"DEBUG=1",
					"$(inherited)",
				);
				INFOPLIST_FILE = MapKitDirectionDemoTests/Info.plist;
				LD_RUNPATH_SEARCH_PATHS = "$(inherited) @executable_path/Frameworks @loader_path/Frameworks";
				PRODUCT_BUNDLE_IDENTIFIER = "com.appcoda.$(PRODUCT_NAME:rfc1034identifier)";
				PRODUCT_NAME = "$(TARGET_NAME)";
				TEST_HOST = "$(BUILT_PRODUCTS_DIR)/MapKitDirectionDemo.app/MapKitDirectionDemo";
			};
			name = Debug;
		};
		F41EB4FF1A1AEB1100DAF540 /* Release */ = {
			isa = XCBuildConfiguration;
			buildSettings = {
				BUNDLE_LOADER = "$(TEST_HOST)";
				FRAMEWORK_SEARCH_PATHS = (
					"$(SDKROOT)/Developer/Library/Frameworks",
					"$(inherited)",
				);
				INFOPLIST_FILE = MapKitDirectionDemoTests/Info.plist;
				LD_RUNPATH_SEARCH_PATHS = "$(inherited) @executable_path/Frameworks @loader_path/Frameworks";
				PRODUCT_BUNDLE_IDENTIFIER = "com.appcoda.$(PRODUCT_NAME:rfc1034identifier)";
				PRODUCT_NAME = "$(TARGET_NAME)";
				TEST_HOST = "$(BUILT_PRODUCTS_DIR)/MapKitDirectionDemo.app/MapKitDirectionDemo";
			};
			name = Release;
		};
/* End XCBuildConfiguration section */

/* Begin XCConfigurationList section */
		F41EB4D61A1AEB1100DAF540 /* Build configuration list for PBXProject "MapKitDirectionDemo" */ = {
			isa = XCConfigurationList;
			buildConfigurations = (
				F41EB4F81A1AEB1100DAF540 /* Debug */,
				F41EB4F91A1AEB1100DAF540 /* Release */,
			);
			defaultConfigurationIsVisible = 0;
			defaultConfigurationName = Release;
		};
		F41EB4FA1A1AEB1100DAF540 /* Build configuration list for PBXNativeTarget "MapKitDirectionDemo" */ = {
			isa = XCConfigurationList;
			buildConfigurations = (
				F41EB4FB1A1AEB1100DAF540 /* Debug */,
				F41EB4FC1A1AEB1100DAF540 /* Release */,
			);
			defaultConfigurationIsVisible = 0;
			defaultConfigurationName = Release;
		};
		F41EB4FD1A1AEB1100DAF540 /* Build configuration list for PBXNativeTarget "MapKitDirectionDemoTests" */ = {
			isa = XCConfigurationList;
			buildConfigurations = (
				F41EB4FE1A1AEB1100DAF540 /* Debug */,
				F41EB4FF1A1AEB1100DAF540 /* Release */,
			);
			defaultConfigurationIsVisible = 0;
			defaultConfigurationName = Release;
		};
/* End XCConfigurationList section */
	};
	rootObject = F41EB4D31A1AEB1100DAF540 /* Project object */;
}
