// !$*UTF8*$!
{
	archiveVersion = 1;
	classes = {
	};
	objectVersion = 46;
	objects = {

/* Begin PBXBuildFile section */
		F44C58411A241BE8008B1749 /* AppDelegate.swift in Sources */ = {isa = PBXBuildFile; fileRef = F44C58401A241BE8008B1749 /* AppDelegate.swift */; };
		F44C58431A241BE8008B1749 /* ViewController.swift in Sources */ = {isa = PBXBuildFile; fileRef = F44C58421A241BE8008B1749 /* ViewController.swift */; };
		F44C58461A241BE8008B1749 /* Main.storyboard in Resources */ = {isa = PBXBuildFile; fileRef = F44C58441A241BE8008B1749 /* Main.storyboard */; };
		F44C58481A241BE8008B1749 /* Images.xcassets in Resources */ = {isa = PBXBuildFile; fileRef = F44C58471A241BE8008B1749 /* Images.xcassets */; };
		F44C584B1A241BE8008B1749 /* LaunchScreen.xib in Resources */ = {isa = PBXBuildFile; fileRef = F44C58491A241BE8008B1749 /* LaunchScreen.xib */; };
		F44C58571A241BE8008B1749 /* SimpleCameraTests.swift in Sources */ = {isa = PBXBuildFile; fileRef = F44C58561A241BE8008B1749 /* SimpleCameraTests.swift */; };
/* End PBXBuildFile section */

/* Begin PBXContainerItemProxy section */
		F44C58511A241BE8008B1749 /* PBXContainerItemProxy */ = {
			isa = PBXContainerItemProxy;
			containerPortal = F44C58331A241BE8008B1749 /* Project object */;
			proxyType = 1;
			remoteGlobalIDString = F44C583A1A241BE8008B1749;
			remoteInfo = SimpleCamera;
		};
/* End PBXContainerItemProxy section */

/* Begin PBXFileReference section */
		F44C583B1A241BE8008B1749 /* SimpleCamera.app */ = {isa = PBXFileReference; explicitFileType = wrapper.application; includeInIndex = 0; path = SimpleCamera.app; sourceTree = BUILT_PRODUCTS_DIR; };
		F44C583F1A241BE8008B1749 /* Info.plist */ = {isa = PBXFileReference; lastKnownFileType = text.plist.xml; path = Info.plist; sourceTree = "<group>"; };
		F44C58401A241BE8008B1749 /* AppDelegate.swift */ = {isa = PBXFileReference; lastKnownFileType = sourcecode.swift; path = AppDelegate.swift; sourceTree = "<group>"; };
		F44C58421A241BE8008B1749 /* ViewController.swift */ = {isa = PBXFileReference; lastKnownFileType = sourcecode.swift; path = ViewController.swift; sourceTree = "<group>"; };
		F44C58451A241BE8008B1749 /* Base */ = {isa = PBXFileReference; lastKnownFileType = file.storyboard; name = Base; path = Base.lproj/Main.storyboard; sourceTree = "<group>"; };
		F44C58471A241BE8008B1749 /* Images.xcassets */ = {isa = PBXFileReference; lastKnownFileType = folder.assetcatalog; path = Images.xcassets; sourceTree = "<group>"; };
		F44C584A1A241BE8008B1749 /* Base */ = {isa = PBXFileReference; lastKnownFileType = file.xib; name = Base; path = Base.lproj/LaunchScreen.xib; sourceTree = "<group>"; };
		F44C58501A241BE8008B1749 /* SimpleCameraTests.xctest */ = {isa = PBXFileReference; explicitFileType = wrapper.cfbundle; includeInIndex = 0; path = SimpleCameraTests.xctest; sourceTree = BUILT_PRODUCTS_DIR; };
		F44C58551A241BE8008B1749 /* Info.plist */ = {isa = PBXFileReference; lastKnownFileType = text.plist.xml; path = Info.plist; sourceTree = "<group>"; };
		F44C58561A241BE8008B1749 /* SimpleCameraTests.swift */ = {isa = PBXFileReference; lastKnownFileType = sourcecode.swift; path = SimpleCameraTests.swift; sourceTree = "<group>"; };
/* End PBXFileReference section */

/* Begin PBXFrameworksBuildPhase section */
		F44C58381A241BE8008B1749 /* Frameworks */ = {
			isa = PBXFrameworksBuildPhase;
			buildActionMask = 2147483647;
			files = (
			);
			runOnlyForDeploymentPostprocessing = 0;
		};
		F44C584D1A241BE8008B1749 /* Frameworks */ = {
			isa = PBXFrameworksBuildPhase;
			buildActionMask = 2147483647;
			files = (
			);
			runOnlyForDeploymentPostprocessing = 0;
		};
/* End PBXFrameworksBuildPhase section */

/* Begin PBXGroup section */
		F44C58321A241BE8008B1749 = {
			isa = PBXGroup;
			children = (
				F44C583D1A241BE8008B1749 /* SimpleCamera */,
				F44C58531A241BE8008B1749 /* SimpleCameraTests */,
				F44C583C1A241BE8008B1749 /* Products */,
			);
			sourceTree = "<group>";
		};
		F44C583C1A241BE8008B1749 /* Products */ = {
			isa = PBXGroup;
			children = (
				F44C583B1A241BE8008B1749 /* SimpleCamera.app */,
				F44C58501A241BE8008B1749 /* SimpleCameraTests.xctest */,
			);
			name = Products;
			sourceTree = "<group>";
		};
		F44C583D1A241BE8008B1749 /* SimpleCamera */ = {
			isa = PBXGroup;
			children = (
				F44C58401A241BE8008B1749 /* AppDelegate.swift */,
				F44C58421A241BE8008B1749 /* ViewController.swift */,
				F44C58441A241BE8008B1749 /* Main.storyboard */,
				F44C58471A241BE8008B1749 /* Images.xcassets */,
				F44C58491A241BE8008B1749 /* LaunchScreen.xib */,
				F44C583E1A241BE8008B1749 /* Supporting Files */,
			);
			path = SimpleCamera;
			sourceTree = "<group>";
		};
		F44C583E1A241BE8008B1749 /* Supporting Files */ = {
			isa = PBXGroup;
			children = (
				F44C583F1A241BE8008B1749 /* Info.plist */,
			);
			name = "Supporting Files";
			sourceTree = "<group>";
		};
		F44C58531A241BE8008B1749 /* SimpleCameraTests */ = {
			isa = PBXGroup;
			children = (
				F44C58561A241BE8008B1749 /* SimpleCameraTests.swift */,
				F44C58541A241BE8008B1749 /* Supporting Files */,
			);
			path = SimpleCameraTests;
			sourceTree = "<group>";
		};
		F44C58541A241BE8008B1749 /* Supporting Files */ = {
			isa = PBXGroup;
			children = (
				F44C58551A241BE8008B1749 /* Info.plist */,
			);
			name = "Supporting Files";
			sourceTree = "<group>";
		};
/* End PBXGroup section */

/* Begin PBXNativeTarget section */
		F44C583A1A241BE8008B1749 /* SimpleCamera */ = {
			isa = PBXNativeTarget;
			buildConfigurationList = F44C585A1A241BE8008B1749 /* Build configuration list for PBXNativeTarget "SimpleCamera" */;
			buildPhases = (
				F44C58371A241BE8008B1749 /* Sources */,
				F44C58381A241BE8008B1749 /* Frameworks */,
				F44C58391A241BE8008B1749 /* Resources */,
			);
			buildRules = (
			);
			dependencies = (
			);
			name = SimpleCamera;
			productName = SimpleCamera;
			productReference = F44C583B1A241BE8008B1749 /* SimpleCamera.app */;
			productType = "com.apple.product-type.application";
		};
		F44C584F1A241BE8008B1749 /* SimpleCameraTests */ = {
			isa = PBXNativeTarget;
			buildConfigurationList = F44C585D1A241BE8008B1749 /* Build configuration list for PBXNativeTarget "SimpleCameraTests" */;
			buildPhases = (
				F44C584C1A241BE8008B1749 /* Sources */,
				F44C584D1A241BE8008B1749 /* Frameworks */,
				F44C584E1A241BE8008B1749 /* Resources */,
			);
			buildRules = (
			);
			dependencies = (
				F44C58521A241BE8008B1749 /* PBXTargetDependency */,
			);
			name = SimpleCameraTests;
			productName = SimpleCameraTests;
			productReference = F44C58501A241BE8008B1749 /* SimpleCameraTests.xctest */;
			productType = "com.apple.product-type.bundle.unit-test";
		};
/* End PBXNativeTarget section */

/* Begin PBXProject section */
		F44C58331A241BE8008B1749 /* Project object */ = {
			isa = PBXProject;
			attributes = {
				LastSwiftUpdateCheck = 0700;
				LastUpgradeCheck = 0700;
				ORGANIZATIONNAME = AppCoda;
				TargetAttributes = {
					F44C583A1A241BE8008B1749 = {
						CreatedOnToolsVersion = 6.1;
					};
					F44C584F1A241BE8008B1749 = {
						CreatedOnToolsVersion = 6.1;
						TestTargetID = F44C583A1A241BE8008B1749;
					};
				};
			};
			buildConfigurationList = F44C58361A241BE8008B1749 /* Build configuration list for PBXProject "SimpleCamera" */;
			compatibilityVersion = "Xcode 3.2";
			developmentRegion = English;
			hasScannedForEncodings = 0;
			knownRegions = (
				en,
				Base,
			);
			mainGroup = F44C58321A241BE8008B1749;
			productRefGroup = F44C583C1A241BE8008B1749 /* Products */;
			projectDirPath = "";
			projectRoot = "";
			targets = (
				F44C583A1A241BE8008B1749 /* SimpleCamera */,
				F44C584F1A241BE8008B1749 /* SimpleCameraTests */,
			);
		};
/* End PBXProject section */

/* Begin PBXResourcesBuildPhase section */
		F44C58391A241BE8008B1749 /* Resources */ = {
			isa = PBXResourcesBuildPhase;
			buildActionMask = 2147483647;
			files = (
				F44C58461A241BE8008B1749 /* Main.storyboard in Resources */,
				F44C584B1A241BE8008B1749 /* LaunchScreen.xib in Resources */,
				F44C58481A241BE8008B1749 /* Images.xcassets in Resources */,
			);
			runOnlyForDeploymentPostprocessing = 0;
		};
		F44C584E1A241BE8008B1749 /* Resources */ = {
			isa = PBXResourcesBuildPhase;
			buildActionMask = 2147483647;
			files = (
			);
			runOnlyForDeploymentPostprocessing = 0;
		};
/* End PBXResourcesBuildPhase section */

/* Begin PBXSourcesBuildPhase section */
		F44C58371A241BE8008B1749 /* Sources */ = {
			isa = PBXSourcesBuildPhase;
			buildActionMask = 2147483647;
			files = (
				F44C58431A241BE8008B1749 /* ViewController.swift in Sources */,
				F44C58411A241BE8008B1749 /* AppDelegate.swift in Sources */,
			);
			runOnlyForDeploymentPostprocessing = 0;
		};
		F44C584C1A241BE8008B1749 /* Sources */ = {
			isa = PBXSourcesBuildPhase;
			buildActionMask = 2147483647;
			files = (
				F44C58571A241BE8008B1749 /* SimpleCameraTests.swift in Sources */,
			);
			runOnlyForDeploymentPostprocessing = 0;
		};
/* End PBXSourcesBuildPhase section */

/* Begin PBXTargetDependency section */
		F44C58521A241BE8008B1749 /* PBXTargetDependency */ = {
			isa = PBXTargetDependency;
			target = F44C583A1A241BE8008B1749 /* SimpleCamera */;
			targetProxy = F44C58511A241BE8008B1749 /* PBXContainerItemProxy */;
		};
/* End PBXTargetDependency section */

/* Begin PBXVariantGroup section */
		F44C58441A241BE8008B1749 /* Main.storyboard */ = {
			isa = PBXVariantGroup;
			children = (
				F44C58451A241BE8008B1749 /* Base */,
			);
			name = Main.storyboard;
			sourceTree = "<group>";
		};
		F44C58491A241BE8008B1749 /* LaunchScreen.xib */ = {
			isa = PBXVariantGroup;
			children = (
				F44C584A1A241BE8008B1749 /* Base */,
			);
			name = LaunchScreen.xib;
			sourceTree = "<group>";
		};
/* End PBXVariantGroup section */

/* Begin XCBuildConfiguration section */
		F44C58581A241BE8008B1749 /* Debug */ = {
			isa = XCBuildConfiguration;
			buildSettings = {
				ALWAYS_SEARCH_USER_PATHS = NO;
				CLANG_CXX_LANGUAGE_STANDARD = "gnu++0x";
				CLANG_CXX_LIBRARY = "libc++";
				CLANG_ENABLE_MODULES = YES;
				CLANG_ENABLE_OBJC_ARC = YES;
				CLANG_WARN_BOOL_CONVERSION = YES;
				CLANG_WARN_CONSTANT_CONVERSION = YES;
				CLANG_WARN_DIRECT_OBJC_ISA_USAGE = YES_ERROR;
				CLANG_WARN_EMPTY_BODY = YES;
				CLANG_WARN_ENUM_CONVERSION = YES;
				CLANG_WARN_INT_CONVERSION = YES;
				CLANG_WARN_OBJC_ROOT_CLASS = YES_ERROR;
				CLANG_WARN_UNREACHABLE_CODE = YES;
				CLANG_WARN__DUPLICATE_METHOD_MATCH = YES;
				"CODE_SIGN_IDENTITY[sdk=iphoneos*]" = "iPhone Developer";
				COPY_PHASE_STRIP = NO;
				ENABLE_STRICT_OBJC_MSGSEND = YES;
				ENABLE_TESTABILITY = YES;
				GCC_C_LANGUAGE_STANDARD = gnu99;
				GCC_DYNAMIC_NO_PIC = NO;
				GCC_OPTIMIZATION_LEVEL = 0;
				GCC_PREPROCESSOR_DEFINITIONS = (
					"DEBUG=1",
					"$(inherited)",
				);
				GCC_SYMBOLS_PRIVATE_EXTERN = NO;
				GCC_WARN_64_TO_32_BIT_CONVERSION = YES;
				GCC_WARN_ABOUT_RETURN_TYPE = YES_ERROR;
				GCC_WARN_UNDECLARED_SELECTOR = YES;
				GCC_WARN_UNINITIALIZED_AUTOS = YES_AGGRESSIVE;
				GCC_WARN_UNUSED_FUNCTION = YES;
				GCC_WARN_UNUSED_VARIABLE = YES;
				IPHONEOS_DEPLOYMENT_TARGET = 8.1;
				MTL_ENABLE_DEBUG_INFO = YES;
				ONLY_ACTIVE_ARCH = YES;
				SDKROOT = iphoneos;
				SWIFT_OPTIMIZATION_LEVEL = "-Onone";
			};
			name = Debug;
		};
		F44C58591A241BE8008B1749 /* Release */ = {
			isa = XCBuildConfiguration;
			buildSettings = {
				ALWAYS_SEARCH_USER_PATHS = NO;
				CLANG_CXX_LANGUAGE_STANDARD = "gnu++0x";
				CLANG_CXX_LIBRARY = "libc++";
				CLANG_ENABLE_MODULES = YES;
				CLANG_ENABLE_OBJC_ARC = YES;
				CLANG_WARN_BOOL_CONVERSION = YES;
				CLANG_WARN_CONSTANT_CONVERSION = YES;
				CLANG_WARN_DIRECT_OBJC_ISA_USAGE = YES_ERROR;
				CLANG_WARN_EMPTY_BODY = YES;
				CLANG_WARN_ENUM_CONVERSION = YES;
				CLANG_WARN_INT_CONVERSION = YES;
				CLANG_WARN_OBJC_ROOT_CLASS = YES_ERROR;
				CLANG_WARN_UNREACHABLE_CODE = YES;
				CLANG_WARN__DUPLICATE_METHOD_MATCH = YES;
				"CODE_SIGN_IDENTITY[sdk=iphoneos*]" = "iPhone Developer";
				COPY_PHASE_STRIP = YES;
				ENABLE_NS_ASSERTIONS = NO;
				ENABLE_STRICT_OBJC_MSGSEND = YES;
				GCC_C_LANGUAGE_STANDARD = gnu99;
				GCC_WARN_64_TO_32_BIT_CONVERSION = YES;
				GCC_WARN_ABOUT_RETURN_TYPE = YES_ERROR;
				GCC_WARN_UNDECLARED_SELECTOR = YES;
				GCC_WARN_UNINITIALIZED_AUTOS = YES_AGGRESSIVE;
				GCC_WARN_UNUSED_FUNCTION = YES;
				GCC_WARN_UNUSED_VARIABLE = YES;
				IPHONEOS_DEPLOYMENT_TARGET = 8.1;
				MTL_ENABLE_DEBUG_INFO = NO;
				SDKROOT = iphoneos;
				VALIDATE_PRODUCT = YES;
			};
			name = Release;
		};
		F44C585B1A241BE8008B1749 /* Debug */ = {
			isa = XCBuildConfiguration;
			buildSettings = {
				ASSETCATALOG_COMPILER_APPICON_NAME = AppIcon;
				INFOPLIST_FILE = SimpleCamera/Info.plist;
				LD_RUNPATH_SEARCH_PATHS = "$(inherited) @executable_path/Frameworks";
				PRODUCT_BUNDLE_IDENTIFIER = "com.appcoda.$(PRODUCT_NAME:rfc1034identifier)";
				PRODUCT_NAME = "$(TARGET_NAME)";
			};
			name = Debug;
		};
		F44C585C1A241BE8008B1749 /* Release */ = {
			isa = XCBuildConfiguration;
			buildSettings = {
				ASSETCATALOG_COMPILER_APPICON_NAME = AppIcon;
				INFOPLIST_FILE = SimpleCamera/Info.plist;
				LD_RUNPATH_SEARCH_PATHS = "$(inherited) @executable_path/Frameworks";
				PRODUCT_BUNDLE_IDENTIFIER = "com.appcoda.$(PRODUCT_NAME:rfc1034identifier)";
				PRODUCT_NAME = "$(TARGET_NAME)";
			};
			name = Release;
		};
		F44C585E1A241BE8008B1749 /* Debug */ = {
			isa = XCBuildConfiguration;
			buildSettings = {
				BUNDLE_LOADER = "$(TEST_HOST)";
				FRAMEWORK_SEARCH_PATHS = (
					"$(SDKROOT)/Developer/Library/Frameworks",
					"$(inherited)",
				);
				GCC_PREPROCESSOR_DEFINITIONS = (
					"DEBUG=1",
					"$(inherited)",
				);
				INFOPLIST_FILE = SimpleCameraTests/Info.plist;
				LD_RUNPATH_SEARCH_PATHS = "$(inherited) @executable_path/Frameworks @loader_path/Frameworks";
				PRODUCT_BUNDLE_IDENTIFIER = "com.appcoda.$(PRODUCT_NAME:rfc1034identifier)";
				PRODUCT_NAME = "$(TARGET_NAME)";
				TEST_HOST = "$(BUILT_PRODUCTS_DIR)/SimpleCamera.app/SimpleCamera";
			};
			name = Debug;
		};
		F44C585F1A241BE8008B1749 /* Release */ = {
			isa = XCBuildConfiguration;
			buildSettings = {
				BUNDLE_LOADER = "$(TEST_HOST)";
				FRAMEWORK_SEARCH_PATHS = (
					"$(SDKROOT)/Developer/Library/Frameworks",
					"$(inherited)",
				);
				INFOPLIST_FILE = SimpleCameraTests/Info.plist;
				LD_RUNPATH_SEARCH_PATHS = "$(inherited) @executable_path/Frameworks @loader_path/Frameworks";
				PRODUCT_BUNDLE_IDENTIFIER = "com.appcoda.$(PRODUCT_NAME:rfc1034identifier)";
				PRODUCT_NAME = "$(TARGET_NAME)";
				TEST_HOST = "$(BUILT_PRODUCTS_DIR)/SimpleCamera.app/SimpleCamera";
			};
			name = Release;
		};
/* End XCBuildConfiguration section */

/* Begin XCConfigurationList section */
		F44C58361A241BE8008B1749 /* Build configuration list for PBXProject "SimpleCamera" */ = {
			isa = XCConfigurationList;
			buildConfigurations = (
				F44C58581A241BE8008B1749 /* Debug */,
				F44C58591A241BE8008B1749 /* Release */,
			);
			defaultConfigurationIsVisible = 0;
			defaultConfigurationName = Release;
		};
		F44C585A1A241BE8008B1749 /* Build configuration list for PBXNativeTarget "SimpleCamera" */ = {
			isa = XCConfigurationList;
			buildConfigurations = (
				F44C585B1A241BE8008B1749 /* Debug */,
				F44C585C1A241BE8008B1749 /* Release */,
			);
			defaultConfigurationIsVisible = 0;
			defaultConfigurationName = Release;
		};
		F44C585D1A241BE8008B1749 /* Build configuration list for PBXNativeTarget "SimpleCameraTests" */ = {
			isa = XCConfigurationList;
			buildConfigurations = (
				F44C585E1A241BE8008B1749 /* Debug */,
				F44C585F1A241BE8008B1749 /* Release */,
			);
			defaultConfigurationIsVisible = 0;
			defaultConfigurationName = Release;
		};
/* End XCConfigurationList section */
	};
	rootObject = F44C58331A241BE8008B1749 /* Project object */;
}
